// !$*UTF8*$!
{
	archiveVersion = 1;
	classes = {
	};
	objectVersion = 46;
	objects = {

/* Begin PBXBuildFile section */
		FC2B02FB1662A88B007BB3C6 /* icon.png in Resources */ = {isa = PBXBuildFile; fileRef = FC2B02FA1662A88B007BB3C6 /* icon.png */; };
		FC2B02FE1662A890007BB3C6 /* icon_retina.png in Resources */ = {isa = PBXBuildFile; fileRef = FC2B02FD1662A890007BB3C6 /* icon_retina.png */; };
		FC33FEAA16555EDC00B1FC69 /* UIKit.framework in Frameworks */ = {isa = PBXBuildFile; fileRef = FC33FEA916555EDC00B1FC69 /* UIKit.framework */; };
		FC33FEAC16555EDC00B1FC69 /* Foundation.framework in Frameworks */ = {isa = PBXBuildFile; fileRef = FC33FEAB16555EDC00B1FC69 /* Foundation.framework */; };
		FC33FEAE16555EDC00B1FC69 /* CoreGraphics.framework in Frameworks */ = {isa = PBXBuildFile; fileRef = FC33FEAD16555EDC00B1FC69 /* CoreGraphics.framework */; };
		FC33FEB016555EDC00B1FC69 /* GLKit.framework in Frameworks */ = {isa = PBXBuildFile; fileRef = FC33FEAF16555EDC00B1FC69 /* GLKit.framework */; };
		FC33FEB216555EDC00B1FC69 /* OpenGLES.framework in Frameworks */ = {isa = PBXBuildFile; fileRef = FC33FEB116555EDC00B1FC69 /* OpenGLES.framework */; };
		FC33FEB816555EDC00B1FC69 /* InfoPlist.strings in Resources */ = {isa = PBXBuildFile; fileRef = FC33FEB616555EDC00B1FC69 /* InfoPlist.strings */; };
		FC33FEBA16555EDC00B1FC69 /* main.m in Sources */ = {isa = PBXBuildFile; fileRef = FC33FEB916555EDC00B1FC69 /* main.m */; };
		FC33FEBE16555EDC00B1FC69 /* AppDelegate.mm in Sources */ = {isa = PBXBuildFile; fileRef = FC33FEBD16555EDC00B1FC69 /* AppDelegate.mm */; };
		FC33FECB16555EDC00B1FC69 /* ViewController.mm in Sources */ = {isa = PBXBuildFile; fileRef = FC33FECA16555EDC00B1FC69 /* ViewController.mm */; };
		FC33FECE16555EDC00B1FC69 /* ViewController.xib in Resources */ = {isa = PBXBuildFile; fileRef = FC33FECC16555EDC00B1FC69 /* ViewController.xib */; };
		FC33FEDF1655643000B1FC69 /* AVFoundation.framework in Frameworks */ = {isa = PBXBuildFile; fileRef = FC33FEDE1655643000B1FC69 /* AVFoundation.framework */; };
		FC33FEE11655645300B1FC69 /* CoreVideo.framework in Frameworks */ = {isa = PBXBuildFile; fileRef = FC33FEE01655645300B1FC69 /* CoreVideo.framework */; };
		FC33FEE31655645B00B1FC69 /* CoreMedia.framework in Frameworks */ = {isa = PBXBuildFile; fileRef = FC33FEE21655645B00B1FC69 /* CoreMedia.framework */; };
		FC4CA1E0165B9C78002E58C9 /* PaintingRenderer.cpp in Sources */ = {isa = PBXBuildFile; fileRef = FC4CA1DF165B9C78002E58C9 /* PaintingRenderer.cpp */; };
		FC4CA1F6165B9D17002E58C9 /* CrossPlatformTime.cpp in Sources */ = {isa = PBXBuildFile; fileRef = FC4CA1EC165B9D17002E58C9 /* CrossPlatformTime.cpp */; };
		FC4CA1F7165B9D17002E58C9 /* FileLocationUtility.cpp in Sources */ = {isa = PBXBuildFile; fileRef = FC4CA1ED165B9D17002E58C9 /* FileLocationUtility.cpp */; };
		FC4CA1F9165B9D17002E58C9 /* GLTexture.cpp in Sources */ = {isa = PBXBuildFile; fileRef = FC4CA1EF165B9D17002E58C9 /* GLTexture.cpp */; };
		FC4CA1FA165B9D17002E58C9 /* GLVbo.cpp in Sources */ = {isa = PBXBuildFile; fileRef = FC4CA1F0165B9D17002E58C9 /* GLVbo.cpp */; };
		FC4CA1FD165B9D17002E58C9 /* Point2f.cpp in Sources */ = {isa = PBXBuildFile; fileRef = FC4CA1F3165B9D17002E58C9 /* Point2f.cpp */; };
		FC4CA1FE165B9D17002E58C9 /* Point3f.cpp in Sources */ = {isa = PBXBuildFile; fileRef = FC4CA1F4165B9D17002E58C9 /* Point3f.cpp */; };
		FC4CA1FF165B9D17002E58C9 /* Vector2f.cpp in Sources */ = {isa = PBXBuildFile; fileRef = FC4CA1F5165B9D17002E58C9 /* Vector2f.cpp */; };
		FC4CA220165BA349002E58C9 /* PaintingTracker.cpp in Sources */ = {isa = PBXBuildFile; fileRef = FC4CA21F165BA349002E58C9 /* PaintingTracker.cpp */; };
		FC73B1DE165F918000AF9DCB /* stb_image.c in Sources */ = {isa = PBXBuildFile; fileRef = FC73B1DD165F918000AF9DCB /* stb_image.c */; };
		FC8E4ABD165CFE8000B4B64D /* Colour3f.cpp in Sources */ = {isa = PBXBuildFile; fileRef = FC8E4AB8165CFE8000B4B64D /* Colour3f.cpp */; };
		FC8E4ABE165CFE8000B4B64D /* GLPrimitives.cpp in Sources */ = {isa = PBXBuildFile; fileRef = FC8E4AB9165CFE8000B4B64D /* GLPrimitives.cpp */; };
		FC8E4ABF165CFE8000B4B64D /* Point2i.cpp in Sources */ = {isa = PBXBuildFile; fileRef = FC8E4ABA165CFE8000B4B64D /* Point2i.cpp */; };
		FC8E4AC0165CFE8000B4B64D /* WindowingUtils.cpp in Sources */ = {isa = PBXBuildFile; fileRef = FC8E4ABB165CFE8000B4B64D /* WindowingUtils.cpp */; };
		FC8E4AC1165CFE8000B4B64D /* XPlatformMutex.cpp in Sources */ = {isa = PBXBuildFile; fileRef = FC8E4ABC165CFE8000B4B64D /* XPlatformMutex.cpp */; };
		FC8E4ACD165CFEA000B4B64D /* EventSource.cpp in Sources */ = {isa = PBXBuildFile; fileRef = FC8E4AC3165CFEA000B4B64D /* EventSource.cpp */; };
		FC8E4ACE165CFEA000B4B64D /* FingerEventArgs.cpp in Sources */ = {isa = PBXBuildFile; fileRef = FC8E4AC7165CFEA000B4B64D /* FingerEventArgs.cpp */; };
		FC8E4ACF165CFEA000B4B64D /* MultiTouchEventHandler.cpp in Sources */ = {isa = PBXBuildFile; fileRef = FC8E4AC9165CFEA000B4B64D /* MultiTouchEventHandler.cpp */; };
		FC8E4AD0165CFEA000B4B64D /* MultiTouchEventManager.cpp in Sources */ = {isa = PBXBuildFile; fileRef = FC8E4ACB165CFEA000B4B64D /* MultiTouchEventManager.cpp */; };
		FC8E4ADF165CFEAE00B4B64D /* Browser.cpp in Sources */ = {isa = PBXBuildFile; fileRef = FC8E4AD8165CFEAE00B4B64D /* Browser.cpp */; };
		FC8E4AE0165CFEAE00B4B64D /* SlideBrowserControls.cpp in Sources */ = {isa = PBXBuildFile; fileRef = FC8E4AD9165CFEAE00B4B64D /* SlideBrowserControls.cpp */; };
		FC8E4AE1165CFEAE00B4B64D /* Camera.cpp in Sources */ = {isa = PBXBuildFile; fileRef = FC8E4ADA165CFEAE00B4B64D /* Camera.cpp */; };
		FC8E4AE2165CFEAE00B4B64D /* CameraControls.cpp in Sources */ = {isa = PBXBuildFile; fileRef = FC8E4ADB165CFEAE00B4B64D /* CameraControls.cpp */; };
		FC8E4AE3165CFEAE00B4B64D /* ExitButton.cpp in Sources */ = {isa = PBXBuildFile; fileRef = FC8E4ADC165CFEAE00B4B64D /* ExitButton.cpp */; };
		FC8E4AE4165CFEAE00B4B64D /* Slider.cpp in Sources */ = {isa = PBXBuildFile; fileRef = FC8E4ADD165CFEAE00B4B64D /* Slider.cpp */; };
		FC8E4AE5165CFEAE00B4B64D /* UIElement.cpp in Sources */ = {isa = PBXBuildFile; fileRef = FC8E4ADE165CFEAE00B4B64D /* UIElement.cpp */; };
		FC956B621660E2C6004438D0 /* bar.png in Resources */ = {isa = PBXBuildFile; fileRef = FC956B5C1660E2C6004438D0 /* bar.png */; };
		FC956B631660E2C6004438D0 /* exit.png in Resources */ = {isa = PBXBuildFile; fileRef = FC956B5D1660E2C6004438D0 /* exit.png */; };
		FC956B641660E2C6004438D0 /* slider.png in Resources */ = {isa = PBXBuildFile; fileRef = FC956B5E1660E2C6004438D0 /* slider.png */; };
		FC956B651660E2C6004438D0 /* camera.png in Resources */ = {isa = PBXBuildFile; fileRef = FC956B5F1660E2C6004438D0 /* camera.png */; };
		FC956B661660E2C6004438D0 /* frame.png in Resources */ = {isa = PBXBuildFile; fileRef = FC956B601660E2C6004438D0 /* frame.png */; };
		FCACCDBA165B956F00CD0644 /* App.cpp in Sources */ = {isa = PBXBuildFile; fileRef = FCACCDB8165B956F00CD0644 /* App.cpp */; };
		FCD42FF91660F31F0068FDDA /* Default.png in Resources */ = {isa = PBXBuildFile; fileRef = FCD42FF81660F31F0068FDDA /* Default.png */; };
		FCD42FFC1660F5CB0068FDDA /* Default@2x.png in Resources */ = {isa = PBXBuildFile; fileRef = FCD42FFB1660F5CB0068FDDA /* Default@2x.png */; };
		FCE6FCDB1663B6B5008BB2FD /* target.jpg in Resources */ = {isa = PBXBuildFile; fileRef = FCE6FCDA1663B6B5008BB2FD /* target.jpg */; };
		FCE6FCDF1663C211008BB2FD /* TextureBlock.cpp in Sources */ = {isa = PBXBuildFile; fileRef = FCE6FCDD1663C211008BB2FD /* TextureBlock.cpp */; };
		FCF0DA991678FE0700E7F76F /* 1.png in Resources */ = {isa = PBXBuildFile; fileRef = FCF0DA811678FE0700E7F76F /* 1.png */; };
		FCF0DA9A1678FE0700E7F76F /* 2.png in Resources */ = {isa = PBXBuildFile; fileRef = FCF0DA821678FE0700E7F76F /* 2.png */; };
		FCF0DA9B1678FE0700E7F76F /* 3.png in Resources */ = {isa = PBXBuildFile; fileRef = FCF0DA831678FE0700E7F76F /* 3.png */; };
		FCF0DA9C1678FE0700E7F76F /* 4.png in Resources */ = {isa = PBXBuildFile; fileRef = FCF0DA841678FE0700E7F76F /* 4.png */; };
		FCF0DA9D1678FE0700E7F76F /* 5.png in Resources */ = {isa = PBXBuildFile; fileRef = FCF0DA851678FE0700E7F76F /* 5.png */; };
		FCF0DA9E1678FE0700E7F76F /* 6.png in Resources */ = {isa = PBXBuildFile; fileRef = FCF0DA861678FE0700E7F76F /* 6.png */; };
		FCF0DA9F1678FE0700E7F76F /* 7.png in Resources */ = {isa = PBXBuildFile; fileRef = FCF0DA871678FE0700E7F76F /* 7.png */; };
		FCF0DAA01678FE0700E7F76F /* 8.png in Resources */ = {isa = PBXBuildFile; fileRef = FCF0DA881678FE0700E7F76F /* 8.png */; };
		FCF0DAA11678FE0700E7F76F /* 9.png in Resources */ = {isa = PBXBuildFile; fileRef = FCF0DA891678FE0700E7F76F /* 9.png */; };
		FCF0DAA21678FE0700E7F76F /* 10.png in Resources */ = {isa = PBXBuildFile; fileRef = FCF0DA8A1678FE0700E7F76F /* 10.png */; };
		FCF0DAA31678FE0700E7F76F /* 11.png in Resources */ = {isa = PBXBuildFile; fileRef = FCF0DA8B1678FE0700E7F76F /* 11.png */; };
		FCF0DAA41678FE0700E7F76F /* 12.png in Resources */ = {isa = PBXBuildFile; fileRef = FCF0DA8C1678FE0700E7F76F /* 12.png */; };
		FCF0DAA51678FE0700E7F76F /* 13.png in Resources */ = {isa = PBXBuildFile; fileRef = FCF0DA8D1678FE0700E7F76F /* 13.png */; };
		FCF0DAA61678FE0700E7F76F /* 14.png in Resources */ = {isa = PBXBuildFile; fileRef = FCF0DA8E1678FE0700E7F76F /* 14.png */; };
		FCF0DAA71678FE0700E7F76F /* 15.png in Resources */ = {isa = PBXBuildFile; fileRef = FCF0DA8F1678FE0700E7F76F /* 15.png */; };
		FCF0DAA81678FE0700E7F76F /* 16.png in Resources */ = {isa = PBXBuildFile; fileRef = FCF0DA901678FE0700E7F76F /* 16.png */; };
		FCF0DAA91678FE0700E7F76F /* 17.png in Resources */ = {isa = PBXBuildFile; fileRef = FCF0DA911678FE0700E7F76F /* 17.png */; };
		FCF0DAAA1678FE0700E7F76F /* 18.png in Resources */ = {isa = PBXBuildFile; fileRef = FCF0DA921678FE0700E7F76F /* 18.png */; };
		FCF0DAAB1678FE0700E7F76F /* 19.png in Resources */ = {isa = PBXBuildFile; fileRef = FCF0DA931678FE0700E7F76F /* 19.png */; };
		FCF0DAAC1678FE0700E7F76F /* 21.png in Resources */ = {isa = PBXBuildFile; fileRef = FCF0DA941678FE0700E7F76F /* 21.png */; };
		FCF0DAAD1678FE0700E7F76F /* 22.png in Resources */ = {isa = PBXBuildFile; fileRef = FCF0DA951678FE0700E7F76F /* 22.png */; };
		FCF0DAAE1678FE0700E7F76F /* 23.png in Resources */ = {isa = PBXBuildFile; fileRef = FCF0DA961678FE0700E7F76F /* 23.png */; };
		FCF0DAAF1678FE0700E7F76F /* 24.png in Resources */ = {isa = PBXBuildFile; fileRef = FCF0DA971678FE0700E7F76F /* 24.png */; };
		FCF0DAB21678FFB400E7F76F /* 20.png in Resources */ = {isa = PBXBuildFile; fileRef = FCF0DAB11678FFB400E7F76F /* 20.png */; };
		FCF0DAB51679018500E7F76F /* SlideBrowser.cpp in Sources */ = {isa = PBXBuildFile; fileRef = FCF0DAB31679018500E7F76F /* SlideBrowser.cpp */; };
		FCF0DAB8167907D500E7F76F /* BrowserControls.cpp in Sources */ = {isa = PBXBuildFile; fileRef = FCF0DAB6167907D500E7F76F /* BrowserControls.cpp */; };
		FCFC2435166525F8005611E3 /* Overlay.cpp in Sources */ = {isa = PBXBuildFile; fileRef = FCFC2433166525F8005611E3 /* Overlay.cpp */; };
		FCFC243816653503005611E3 /* processing.png in Resources */ = {isa = PBXBuildFile; fileRef = FCFC243716653503005611E3 /* processing.png */; };
		FCFE873B165D4EBE004177F5 /* opencv2.framework in Frameworks */ = {isa = PBXBuildFile; fileRef = FCFE8739165D4E31004177F5 /* opencv2.framework */; };
/* End PBXBuildFile section */

/* Begin PBXFileReference section */
		FC2B02FA1662A88B007BB3C6 /* icon.png */ = {isa = PBXFileReference; lastKnownFileType = image.png; name = icon.png; path = ../icon.png; sourceTree = "<group>"; };
		FC2B02FD1662A890007BB3C6 /* icon_retina.png */ = {isa = PBXFileReference; lastKnownFileType = image.png; name = icon_retina.png; path = ../icon_retina.png; sourceTree = "<group>"; };
		FC33FEA516555EDC00B1FC69 /* Pentimento.app */ = {isa = PBXFileReference; explicitFileType = wrapper.application; includeInIndex = 0; path = Pentimento.app; sourceTree = BUILT_PRODUCTS_DIR; };
		FC33FEA916555EDC00B1FC69 /* UIKit.framework */ = {isa = PBXFileReference; lastKnownFileType = wrapper.framework; name = UIKit.framework; path = System/Library/Frameworks/UIKit.framework; sourceTree = SDKROOT; };
		FC33FEAB16555EDC00B1FC69 /* Foundation.framework */ = {isa = PBXFileReference; lastKnownFileType = wrapper.framework; name = Foundation.framework; path = System/Library/Frameworks/Foundation.framework; sourceTree = SDKROOT; };
		FC33FEAD16555EDC00B1FC69 /* CoreGraphics.framework */ = {isa = PBXFileReference; lastKnownFileType = wrapper.framework; name = CoreGraphics.framework; path = System/Library/Frameworks/CoreGraphics.framework; sourceTree = SDKROOT; };
		FC33FEAF16555EDC00B1FC69 /* GLKit.framework */ = {isa = PBXFileReference; lastKnownFileType = wrapper.framework; name = GLKit.framework; path = System/Library/Frameworks/GLKit.framework; sourceTree = SDKROOT; };
		FC33FEB116555EDC00B1FC69 /* OpenGLES.framework */ = {isa = PBXFileReference; lastKnownFileType = wrapper.framework; name = OpenGLES.framework; path = System/Library/Frameworks/OpenGLES.framework; sourceTree = SDKROOT; };
		FC33FEB516555EDC00B1FC69 /* PaintingRegistration-Info.plist */ = {isa = PBXFileReference; lastKnownFileType = text.plist.xml; path = "PaintingRegistration-Info.plist"; sourceTree = "<group>"; };
		FC33FEB716555EDC00B1FC69 /* en */ = {isa = PBXFileReference; lastKnownFileType = text.plist.strings; name = en; path = en.lproj/InfoPlist.strings; sourceTree = "<group>"; };
		FC33FEB916555EDC00B1FC69 /* main.m */ = {isa = PBXFileReference; lastKnownFileType = sourcecode.c.objc; path = main.m; sourceTree = "<group>"; };
		FC33FEBB16555EDC00B1FC69 /* PaintingRegistration-Prefix.pch */ = {isa = PBXFileReference; lastKnownFileType = sourcecode.c.h; path = "PaintingRegistration-Prefix.pch"; sourceTree = "<group>"; };
		FC33FEBC16555EDC00B1FC69 /* AppDelegate.h */ = {isa = PBXFileReference; lastKnownFileType = sourcecode.c.h; path = AppDelegate.h; sourceTree = "<group>"; };
		FC33FEBD16555EDC00B1FC69 /* AppDelegate.mm */ = {isa = PBXFileReference; lastKnownFileType = sourcecode.cpp.objcpp; path = AppDelegate.mm; sourceTree = "<group>"; };
		FC33FEC916555EDC00B1FC69 /* ViewController.h */ = {isa = PBXFileReference; lastKnownFileType = sourcecode.c.h; path = ViewController.h; sourceTree = "<group>"; };
		FC33FECA16555EDC00B1FC69 /* ViewController.mm */ = {isa = PBXFileReference; lastKnownFileType = sourcecode.cpp.objcpp; path = ViewController.mm; sourceTree = "<group>"; };
		FC33FECD16555EDC00B1FC69 /* en */ = {isa = PBXFileReference; lastKnownFileType = file.xib; name = en; path = en.lproj/ViewController.xib; sourceTree = "<group>"; };
		FC33FEDE1655643000B1FC69 /* AVFoundation.framework */ = {isa = PBXFileReference; lastKnownFileType = wrapper.framework; name = AVFoundation.framework; path = System/Library/Frameworks/AVFoundation.framework; sourceTree = SDKROOT; };
		FC33FEE01655645300B1FC69 /* CoreVideo.framework */ = {isa = PBXFileReference; lastKnownFileType = wrapper.framework; name = CoreVideo.framework; path = System/Library/Frameworks/CoreVideo.framework; sourceTree = SDKROOT; };
		FC33FEE21655645B00B1FC69 /* CoreMedia.framework */ = {isa = PBXFileReference; lastKnownFileType = wrapper.framework; name = CoreMedia.framework; path = System/Library/Frameworks/CoreMedia.framework; sourceTree = SDKROOT; };
		FC4CA1DD165B97D0002E58C9 /* OpenGL.h */ = {isa = PBXFileReference; fileEncoding = 4; lastKnownFileType = sourcecode.c.h; path = OpenGL.h; sourceTree = "<group>"; };
		FC4CA1DE165B9C6E002E58C9 /* PaintingRenderer.h */ = {isa = PBXFileReference; fileEncoding = 4; lastKnownFileType = sourcecode.c.h; path = PaintingRenderer.h; sourceTree = "<group>"; };
		FC4CA1DF165B9C78002E58C9 /* PaintingRenderer.cpp */ = {isa = PBXFileReference; fileEncoding = 4; lastKnownFileType = sourcecode.cpp.cpp; path = PaintingRenderer.cpp; sourceTree = "<group>"; };
		FC4CA1E1165B9D17002E58C9 /* CrossPlatformTime.h */ = {isa = PBXFileReference; fileEncoding = 4; lastKnownFileType = sourcecode.c.h; path = CrossPlatformTime.h; sourceTree = "<group>"; };
		FC4CA1E2165B9D17002E58C9 /* FileLocationUtility.h */ = {isa = PBXFileReference; fileEncoding = 4; lastKnownFileType = sourcecode.c.h; path = FileLocationUtility.h; sourceTree = "<group>"; };
		FC4CA1E4165B9D17002E58C9 /* GLTexture.h */ = {isa = PBXFileReference; fileEncoding = 4; lastKnownFileType = sourcecode.c.h; path = GLTexture.h; sourceTree = "<group>"; };
		FC4CA1E5165B9D17002E58C9 /* GLVbo.h */ = {isa = PBXFileReference; fileEncoding = 4; lastKnownFileType = sourcecode.c.h; path = GLVbo.h; sourceTree = "<group>"; };
		FC4CA1E8165B9D17002E58C9 /* Ndelete.h */ = {isa = PBXFileReference; fileEncoding = 4; lastKnownFileType = sourcecode.c.h; path = Ndelete.h; sourceTree = "<group>"; };
		FC4CA1E9165B9D17002E58C9 /* Point2f.h */ = {isa = PBXFileReference; fileEncoding = 4; lastKnownFileType = sourcecode.c.h; path = Point2f.h; sourceTree = "<group>"; };
		FC4CA1EA165B9D17002E58C9 /* Point3f.h */ = {isa = PBXFileReference; fileEncoding = 4; lastKnownFileType = sourcecode.c.h; path = Point3f.h; sourceTree = "<group>"; };
		FC4CA1EB165B9D17002E58C9 /* Vector2f.h */ = {isa = PBXFileReference; fileEncoding = 4; lastKnownFileType = sourcecode.c.h; path = Vector2f.h; sourceTree = "<group>"; };
		FC4CA1EC165B9D17002E58C9 /* CrossPlatformTime.cpp */ = {isa = PBXFileReference; fileEncoding = 4; lastKnownFileType = sourcecode.cpp.cpp; path = CrossPlatformTime.cpp; sourceTree = "<group>"; };
		FC4CA1ED165B9D17002E58C9 /* FileLocationUtility.cpp */ = {isa = PBXFileReference; fileEncoding = 4; lastKnownFileType = sourcecode.cpp.cpp; path = FileLocationUtility.cpp; sourceTree = "<group>"; };
		FC4CA1EF165B9D17002E58C9 /* GLTexture.cpp */ = {isa = PBXFileReference; fileEncoding = 4; lastKnownFileType = sourcecode.cpp.cpp; path = GLTexture.cpp; sourceTree = "<group>"; };
		FC4CA1F0165B9D17002E58C9 /* GLVbo.cpp */ = {isa = PBXFileReference; fileEncoding = 4; lastKnownFileType = sourcecode.cpp.cpp; path = GLVbo.cpp; sourceTree = "<group>"; };
		FC4CA1F3165B9D17002E58C9 /* Point2f.cpp */ = {isa = PBXFileReference; fileEncoding = 4; lastKnownFileType = sourcecode.cpp.cpp; path = Point2f.cpp; sourceTree = "<group>"; };
		FC4CA1F4165B9D17002E58C9 /* Point3f.cpp */ = {isa = PBXFileReference; fileEncoding = 4; lastKnownFileType = sourcecode.cpp.cpp; path = Point3f.cpp; sourceTree = "<group>"; };
		FC4CA1F5165B9D17002E58C9 /* Vector2f.cpp */ = {isa = PBXFileReference; fileEncoding = 4; lastKnownFileType = sourcecode.cpp.cpp; path = Vector2f.cpp; sourceTree = "<group>"; };
		FC4CA21E165BA349002E58C9 /* PaintingTracker.h */ = {isa = PBXFileReference; fileEncoding = 4; lastKnownFileType = sourcecode.c.h; path = PaintingTracker.h; sourceTree = "<group>"; };
		FC4CA21F165BA349002E58C9 /* PaintingTracker.cpp */ = {isa = PBXFileReference; fileEncoding = 4; lastKnownFileType = sourcecode.cpp.cpp; path = PaintingTracker.cpp; sourceTree = "<group>"; };
		FC73B1DC165F918000AF9DCB /* stb_image.h */ = {isa = PBXFileReference; fileEncoding = 4; lastKnownFileType = sourcecode.c.h; path = stb_image.h; sourceTree = "<group>"; };
		FC73B1DD165F918000AF9DCB /* stb_image.c */ = {isa = PBXFileReference; fileEncoding = 4; lastKnownFileType = sourcecode.c.c; path = stb_image.c; sourceTree = "<group>"; };
		FC8E4AB3165CFE8000B4B64D /* Colour3f.h */ = {isa = PBXFileReference; fileEncoding = 4; lastKnownFileType = sourcecode.c.h; path = Colour3f.h; sourceTree = "<group>"; };
		FC8E4AB4165CFE8000B4B64D /* GLPrimitives.h */ = {isa = PBXFileReference; fileEncoding = 4; lastKnownFileType = sourcecode.c.h; path = GLPrimitives.h; sourceTree = "<group>"; };
		FC8E4AB5165CFE8000B4B64D /* Point2i.h */ = {isa = PBXFileReference; fileEncoding = 4; lastKnownFileType = sourcecode.c.h; path = Point2i.h; sourceTree = "<group>"; };
		FC8E4AB6165CFE8000B4B64D /* WindowingUtils.h */ = {isa = PBXFileReference; fileEncoding = 4; lastKnownFileType = sourcecode.c.h; path = WindowingUtils.h; sourceTree = "<group>"; };
		FC8E4AB7165CFE8000B4B64D /* XPlatformMutex.h */ = {isa = PBXFileReference; fileEncoding = 4; lastKnownFileType = sourcecode.c.h; path = XPlatformMutex.h; sourceTree = "<group>"; };
		FC8E4AB8165CFE8000B4B64D /* Colour3f.cpp */ = {isa = PBXFileReference; fileEncoding = 4; lastKnownFileType = sourcecode.cpp.cpp; path = Colour3f.cpp; sourceTree = "<group>"; };
		FC8E4AB9165CFE8000B4B64D /* GLPrimitives.cpp */ = {isa = PBXFileReference; fileEncoding = 4; lastKnownFileType = sourcecode.cpp.cpp; path = GLPrimitives.cpp; sourceTree = "<group>"; };
		FC8E4ABA165CFE8000B4B64D /* Point2i.cpp */ = {isa = PBXFileReference; fileEncoding = 4; lastKnownFileType = sourcecode.cpp.cpp; path = Point2i.cpp; sourceTree = "<group>"; };
		FC8E4ABB165CFE8000B4B64D /* WindowingUtils.cpp */ = {isa = PBXFileReference; fileEncoding = 4; lastKnownFileType = sourcecode.cpp.cpp; path = WindowingUtils.cpp; sourceTree = "<group>"; };
		FC8E4ABC165CFE8000B4B64D /* XPlatformMutex.cpp */ = {isa = PBXFileReference; fileEncoding = 4; lastKnownFileType = sourcecode.cpp.cpp; path = XPlatformMutex.cpp; sourceTree = "<group>"; };
		FC8E4AC3165CFEA000B4B64D /* EventSource.cpp */ = {isa = PBXFileReference; fileEncoding = 4; lastKnownFileType = sourcecode.cpp.cpp; path = EventSource.cpp; sourceTree = "<group>"; };
		FC8E4AC4165CFEA000B4B64D /* EventSource.h */ = {isa = PBXFileReference; fileEncoding = 4; lastKnownFileType = sourcecode.c.h; path = EventSource.h; sourceTree = "<group>"; };
		FC8E4AC5165CFEA000B4B64D /* FastDelegate.h */ = {isa = PBXFileReference; fileEncoding = 4; lastKnownFileType = sourcecode.c.h; path = FastDelegate.h; sourceTree = "<group>"; };
		FC8E4AC6165CFEA000B4B64D /* FastDelegateBind.h */ = {isa = PBXFileReference; fileEncoding = 4; lastKnownFileType = sourcecode.c.h; path = FastDelegateBind.h; sourceTree = "<group>"; };
		FC8E4AC7165CFEA000B4B64D /* FingerEventArgs.cpp */ = {isa = PBXFileReference; fileEncoding = 4; lastKnownFileType = sourcecode.cpp.cpp; path = FingerEventArgs.cpp; sourceTree = "<group>"; };
		FC8E4AC8165CFEA000B4B64D /* FingerEventArgs.h */ = {isa = PBXFileReference; fileEncoding = 4; lastKnownFileType = sourcecode.c.h; path = FingerEventArgs.h; sourceTree = "<group>"; };
		FC8E4AC9165CFEA000B4B64D /* MultiTouchEventHandler.cpp */ = {isa = PBXFileReference; fileEncoding = 4; lastKnownFileType = sourcecode.cpp.cpp; path = MultiTouchEventHandler.cpp; sourceTree = "<group>"; };
		FC8E4ACA165CFEA000B4B64D /* MultiTouchEventHandler.h */ = {isa = PBXFileReference; fileEncoding = 4; lastKnownFileType = sourcecode.c.h; path = MultiTouchEventHandler.h; sourceTree = "<group>"; };
		FC8E4ACB165CFEA000B4B64D /* MultiTouchEventManager.cpp */ = {isa = PBXFileReference; fileEncoding = 4; lastKnownFileType = sourcecode.cpp.cpp; path = MultiTouchEventManager.cpp; sourceTree = "<group>"; };
		FC8E4ACC165CFEA000B4B64D /* MultiTouchEventManager.h */ = {isa = PBXFileReference; fileEncoding = 4; lastKnownFileType = sourcecode.c.h; path = MultiTouchEventManager.h; sourceTree = "<group>"; };
		FC8E4AD1165CFEAE00B4B64D /* Browser.h */ = {isa = PBXFileReference; fileEncoding = 4; lastKnownFileType = sourcecode.c.h; path = Browser.h; sourceTree = "<group>"; };
		FC8E4AD2165CFEAE00B4B64D /* SlideBrowserControls.h */ = {isa = PBXFileReference; fileEncoding = 4; lastKnownFileType = sourcecode.c.h; path = SlideBrowserControls.h; sourceTree = "<group>"; };
		FC8E4AD3165CFEAE00B4B64D /* Camera.h */ = {isa = PBXFileReference; fileEncoding = 4; lastKnownFileType = sourcecode.c.h; path = Camera.h; sourceTree = "<group>"; };
		FC8E4AD4165CFEAE00B4B64D /* CameraControls.h */ = {isa = PBXFileReference; fileEncoding = 4; lastKnownFileType = sourcecode.c.h; path = CameraControls.h; sourceTree = "<group>"; };
		FC8E4AD5165CFEAE00B4B64D /* ExitButton.h */ = {isa = PBXFileReference; fileEncoding = 4; lastKnownFileType = sourcecode.c.h; path = ExitButton.h; sourceTree = "<group>"; };
		FC8E4AD6165CFEAE00B4B64D /* Slider.h */ = {isa = PBXFileReference; fileEncoding = 4; lastKnownFileType = sourcecode.c.h; path = Slider.h; sourceTree = "<group>"; };
		FC8E4AD7165CFEAE00B4B64D /* UIElement.h */ = {isa = PBXFileReference; fileEncoding = 4; lastKnownFileType = sourcecode.c.h; path = UIElement.h; sourceTree = "<group>"; };
		FC8E4AD8165CFEAE00B4B64D /* Browser.cpp */ = {isa = PBXFileReference; fileEncoding = 4; lastKnownFileType = sourcecode.cpp.cpp; path = Browser.cpp; sourceTree = "<group>"; };
		FC8E4AD9165CFEAE00B4B64D /* SlideBrowserControls.cpp */ = {isa = PBXFileReference; fileEncoding = 4; lastKnownFileType = sourcecode.cpp.cpp; path = SlideBrowserControls.cpp; sourceTree = "<group>"; };
		FC8E4ADA165CFEAE00B4B64D /* Camera.cpp */ = {isa = PBXFileReference; fileEncoding = 4; lastKnownFileType = sourcecode.cpp.cpp; path = Camera.cpp; sourceTree = "<group>"; };
		FC8E4ADB165CFEAE00B4B64D /* CameraControls.cpp */ = {isa = PBXFileReference; fileEncoding = 4; lastKnownFileType = sourcecode.cpp.cpp; path = CameraControls.cpp; sourceTree = "<group>"; };
		FC8E4ADC165CFEAE00B4B64D /* ExitButton.cpp */ = {isa = PBXFileReference; fileEncoding = 4; lastKnownFileType = sourcecode.cpp.cpp; path = ExitButton.cpp; sourceTree = "<group>"; };
		FC8E4ADD165CFEAE00B4B64D /* Slider.cpp */ = {isa = PBXFileReference; fileEncoding = 4; lastKnownFileType = sourcecode.cpp.cpp; path = Slider.cpp; sourceTree = "<group>"; };
		FC8E4ADE165CFEAE00B4B64D /* UIElement.cpp */ = {isa = PBXFileReference; fileEncoding = 4; lastKnownFileType = sourcecode.cpp.cpp; path = UIElement.cpp; sourceTree = "<group>"; };
		FC956B5C1660E2C6004438D0 /* bar.png */ = {isa = PBXFileReference; lastKnownFileType = image.png; path = bar.png; sourceTree = "<group>"; };
		FC956B5D1660E2C6004438D0 /* exit.png */ = {isa = PBXFileReference; lastKnownFileType = image.png; path = exit.png; sourceTree = "<group>"; };
		FC956B5E1660E2C6004438D0 /* slider.png */ = {isa = PBXFileReference; lastKnownFileType = image.png; path = slider.png; sourceTree = "<group>"; };
		FC956B5F1660E2C6004438D0 /* camera.png */ = {isa = PBXFileReference; lastKnownFileType = image.png; path = camera.png; sourceTree = "<group>"; };
		FC956B601660E2C6004438D0 /* frame.png */ = {isa = PBXFileReference; lastKnownFileType = image.png; path = frame.png; sourceTree = "<group>"; };
		FCACCDB8165B956F00CD0644 /* App.cpp */ = {isa = PBXFileReference; fileEncoding = 4; lastKnownFileType = sourcecode.cpp.cpp; path = App.cpp; sourceTree = "<group>"; };
		FCACCDB9165B956F00CD0644 /* App.h */ = {isa = PBXFileReference; fileEncoding = 4; lastKnownFileType = sourcecode.c.h; path = App.h; sourceTree = "<group>"; };
		FCD42FF81660F31F0068FDDA /* Default.png */ = {isa = PBXFileReference; lastKnownFileType = image.png; name = Default.png; path = ../Default.png; sourceTree = "<group>"; };
		FCD42FFB1660F5CB0068FDDA /* Default@2x.png */ = {isa = PBXFileReference; lastKnownFileType = image.png; name = "Default@2x.png"; path = "../Default@2x.png"; sourceTree = "<group>"; };
		FCE6FCDA1663B6B5008BB2FD /* target.jpg */ = {isa = PBXFileReference; lastKnownFileType = image.jpeg; path = target.jpg; sourceTree = "<group>"; };
		FCE6FCDD1663C211008BB2FD /* TextureBlock.cpp */ = {isa = PBXFileReference; fileEncoding = 4; lastKnownFileType = sourcecode.cpp.cpp; path = TextureBlock.cpp; sourceTree = "<group>"; };
		FCE6FCDE1663C211008BB2FD /* TextureBlock.h */ = {isa = PBXFileReference; fileEncoding = 4; lastKnownFileType = sourcecode.c.h; path = TextureBlock.h; sourceTree = "<group>"; };
		FCF0DA811678FE0700E7F76F /* 1.png */ = {isa = PBXFileReference; lastKnownFileType = image.png; path = 1.png; sourceTree = "<group>"; };
		FCF0DA821678FE0700E7F76F /* 2.png */ = {isa = PBXFileReference; lastKnownFileType = image.png; path = 2.png; sourceTree = "<group>"; };
		FCF0DA831678FE0700E7F76F /* 3.png */ = {isa = PBXFileReference; lastKnownFileType = image.png; path = 3.png; sourceTree = "<group>"; };
		FCF0DA841678FE0700E7F76F /* 4.png */ = {isa = PBXFileReference; lastKnownFileType = image.png; path = 4.png; sourceTree = "<group>"; };
		FCF0DA851678FE0700E7F76F /* 5.png */ = {isa = PBXFileReference; lastKnownFileType = image.png; path = 5.png; sourceTree = "<group>"; };
		FCF0DA861678FE0700E7F76F /* 6.png */ = {isa = PBXFileReference; lastKnownFileType = image.png; path = 6.png; sourceTree = "<group>"; };
		FCF0DA871678FE0700E7F76F /* 7.png */ = {isa = PBXFileReference; lastKnownFileType = image.png; path = 7.png; sourceTree = "<group>"; };
		FCF0DA881678FE0700E7F76F /* 8.png */ = {isa = PBXFileReference; lastKnownFileType = image.png; path = 8.png; sourceTree = "<group>"; };
		FCF0DA891678FE0700E7F76F /* 9.png */ = {isa = PBXFileReference; lastKnownFileType = image.png; path = 9.png; sourceTree = "<group>"; };
		FCF0DA8A1678FE0700E7F76F /* 10.png */ = {isa = PBXFileReference; lastKnownFileType = image.png; path = 10.png; sourceTree = "<group>"; };
		FCF0DA8B1678FE0700E7F76F /* 11.png */ = {isa = PBXFileReference; lastKnownFileType = image.png; path = 11.png; sourceTree = "<group>"; };
		FCF0DA8C1678FE0700E7F76F /* 12.png */ = {isa = PBXFileReference; lastKnownFileType = image.png; path = 12.png; sourceTree = "<group>"; };
		FCF0DA8D1678FE0700E7F76F /* 13.png */ = {isa = PBXFileReference; lastKnownFileType = image.png; path = 13.png; sourceTree = "<group>"; };
		FCF0DA8E1678FE0700E7F76F /* 14.png */ = {isa = PBXFileReference; lastKnownFileType = image.png; path = 14.png; sourceTree = "<group>"; };
		FCF0DA8F1678FE0700E7F76F /* 15.png */ = {isa = PBXFileReference; lastKnownFileType = image.png; path = 15.png; sourceTree = "<group>"; };
		FCF0DA901678FE0700E7F76F /* 16.png */ = {isa = PBXFileReference; lastKnownFileType = image.png; path = 16.png; sourceTree = "<group>"; };
		FCF0DA911678FE0700E7F76F /* 17.png */ = {isa = PBXFileReference; lastKnownFileType = image.png; path = 17.png; sourceTree = "<group>"; };
		FCF0DA921678FE0700E7F76F /* 18.png */ = {isa = PBXFileReference; lastKnownFileType = image.png; path = 18.png; sourceTree = "<group>"; };
		FCF0DA931678FE0700E7F76F /* 19.png */ = {isa = PBXFileReference; lastKnownFileType = image.png; path = 19.png; sourceTree = "<group>"; };
		FCF0DA941678FE0700E7F76F /* 21.png */ = {isa = PBXFileReference; lastKnownFileType = image.png; path = 21.png; sourceTree = "<group>"; };
		FCF0DA951678FE0700E7F76F /* 22.png */ = {isa = PBXFileReference; lastKnownFileType = image.png; path = 22.png; sourceTree = "<group>"; };
		FCF0DA961678FE0700E7F76F /* 23.png */ = {isa = PBXFileReference; lastKnownFileType = image.png; path = 23.png; sourceTree = "<group>"; };
		FCF0DA971678FE0700E7F76F /* 24.png */ = {isa = PBXFileReference; lastKnownFileType = image.png; path = 24.png; sourceTree = "<group>"; };
		FCF0DAB11678FFB400E7F76F /* 20.png */ = {isa = PBXFileReference; lastKnownFileType = image.png; path = 20.png; sourceTree = "<group>"; };
		FCF0DAB31679018500E7F76F /* SlideBrowser.cpp */ = {isa = PBXFileReference; fileEncoding = 4; lastKnownFileType = sourcecode.cpp.cpp; path = SlideBrowser.cpp; sourceTree = "<group>"; };
		FCF0DAB41679018500E7F76F /* SlideBrowser.h */ = {isa = PBXFileReference; fileEncoding = 4; lastKnownFileType = sourcecode.c.h; path = SlideBrowser.h; sourceTree = "<group>"; };
		FCF0DAB6167907D500E7F76F /* BrowserControls.cpp */ = {isa = PBXFileReference; fileEncoding = 4; lastKnownFileType = sourcecode.cpp.cpp; path = BrowserControls.cpp; sourceTree = "<group>"; };
		FCF0DAB7167907D500E7F76F /* BrowserControls.h */ = {isa = PBXFileReference; fileEncoding = 4; lastKnownFileType = sourcecode.c.h; path = BrowserControls.h; sourceTree = "<group>"; };
		FCFC2433166525F8005611E3 /* Overlay.cpp */ = {isa = PBXFileReference; fileEncoding = 4; lastKnownFileType = sourcecode.cpp.cpp; path = Overlay.cpp; sourceTree = "<group>"; };
		FCFC2434166525F8005611E3 /* Overlay.h */ = {isa = PBXFileReference; fileEncoding = 4; lastKnownFileType = sourcecode.c.h; path = Overlay.h; sourceTree = "<group>"; };
		FCFC243716653503005611E3 /* processing.png */ = {isa = PBXFileReference; lastKnownFileType = image.png; path = processing.png; sourceTree = "<group>"; };
		FCFE8739165D4E31004177F5 /* opencv2.framework */ = {isa = PBXFileReference; lastKnownFileType = wrapper.framework; name = opencv2.framework; path = Library/Frameworks/opencv2.framework; sourceTree = DEVELOPER_DIR; };
/* End PBXFileReference section */

/* Begin PBXFrameworksBuildPhase section */
		FC33FEA216555EDC00B1FC69 /* Frameworks */ = {
			isa = PBXFrameworksBuildPhase;
			buildActionMask = 2147483647;
			files = (
				FCFE873B165D4EBE004177F5 /* opencv2.framework in Frameworks */,
				FC33FEE31655645B00B1FC69 /* CoreMedia.framework in Frameworks */,
				FC33FEE11655645300B1FC69 /* CoreVideo.framework in Frameworks */,
				FC33FEDF1655643000B1FC69 /* AVFoundation.framework in Frameworks */,
				FC33FEAA16555EDC00B1FC69 /* UIKit.framework in Frameworks */,
				FC33FEAC16555EDC00B1FC69 /* Foundation.framework in Frameworks */,
				FC33FEAE16555EDC00B1FC69 /* CoreGraphics.framework in Frameworks */,
				FC33FEB016555EDC00B1FC69 /* GLKit.framework in Frameworks */,
				FC33FEB216555EDC00B1FC69 /* OpenGLES.framework in Frameworks */,
			);
			runOnlyForDeploymentPostprocessing = 0;
		};
/* End PBXFrameworksBuildPhase section */

/* Begin PBXGroup section */
		FC33FE9A16555EDC00B1FC69 = {
			isa = PBXGroup;
			children = (
				FC33FEB316555EDC00B1FC69 /* PaintingRegistration */,
				FC33FEA816555EDC00B1FC69 /* Frameworks */,
				FC33FEA616555EDC00B1FC69 /* Products */,
			);
			sourceTree = "<group>";
		};
		FC33FEA616555EDC00B1FC69 /* Products */ = {
			isa = PBXGroup;
			children = (
				FC33FEA516555EDC00B1FC69 /* Pentimento.app */,
			);
			name = Products;
			sourceTree = "<group>";
		};
		FC33FEA816555EDC00B1FC69 /* Frameworks */ = {
			isa = PBXGroup;
			children = (
				FCFE8739165D4E31004177F5 /* opencv2.framework */,
				FC33FEE21655645B00B1FC69 /* CoreMedia.framework */,
				FC33FEE01655645300B1FC69 /* CoreVideo.framework */,
				FC33FEDE1655643000B1FC69 /* AVFoundation.framework */,
				FC33FEA916555EDC00B1FC69 /* UIKit.framework */,
				FC33FEAB16555EDC00B1FC69 /* Foundation.framework */,
				FC33FEAD16555EDC00B1FC69 /* CoreGraphics.framework */,
				FC33FEAF16555EDC00B1FC69 /* GLKit.framework */,
				FC33FEB116555EDC00B1FC69 /* OpenGLES.framework */,
			);
			name = Frameworks;
			sourceTree = "<group>";
		};
		FC33FEB316555EDC00B1FC69 /* PaintingRegistration */ = {
			isa = PBXGroup;
			children = (
				FC4CA213165BA19D002E58C9 /* Resources */,
				FC33FED6165560C400B1FC69 /* Source */,
				FC33FEBC16555EDC00B1FC69 /* AppDelegate.h */,
				FC33FEBD16555EDC00B1FC69 /* AppDelegate.mm */,
				FC33FEC916555EDC00B1FC69 /* ViewController.h */,
				FC33FECA16555EDC00B1FC69 /* ViewController.mm */,
				FC33FECC16555EDC00B1FC69 /* ViewController.xib */,
				FC33FEB416555EDC00B1FC69 /* Supporting Files */,
			);
			path = PaintingRegistration;
			sourceTree = "<group>";
		};
		FC33FEB416555EDC00B1FC69 /* Supporting Files */ = {
			isa = PBXGroup;
			children = (
				FC2B02FD1662A890007BB3C6 /* icon_retina.png */,
				FC2B02FA1662A88B007BB3C6 /* icon.png */,
				FCD42FFB1660F5CB0068FDDA /* Default@2x.png */,
				FCD42FF81660F31F0068FDDA /* Default.png */,
				FC33FEB516555EDC00B1FC69 /* PaintingRegistration-Info.plist */,
				FC33FEB616555EDC00B1FC69 /* InfoPlist.strings */,
				FC33FEB916555EDC00B1FC69 /* main.m */,
				FC33FEBB16555EDC00B1FC69 /* PaintingRegistration-Prefix.pch */,
			);
			name = "Supporting Files";
			sourceTree = "<group>";
		};
		FC33FED6165560C400B1FC69 /* Source */ = {
			isa = PBXGroup;
			children = (
				FCACCDBC165B96DF00CD0644 /* JDHUtility */,
				FC8E4AC2165CFEA000B4B64D /* MultiTouchEvents */,
				FCACCDB8165B956F00CD0644 /* App.cpp */,
				FCACCDB9165B956F00CD0644 /* App.h */,
				FC8E4AD8165CFEAE00B4B64D /* Browser.cpp */,
				FC8E4AD1165CFEAE00B4B64D /* Browser.h */,
				FCF0DAB6167907D500E7F76F /* BrowserControls.cpp */,
				FCF0DAB7167907D500E7F76F /* BrowserControls.h */,
				FC8E4ADA165CFEAE00B4B64D /* Camera.cpp */,
				FC8E4AD3165CFEAE00B4B64D /* Camera.h */,
				FC8E4ADB165CFEAE00B4B64D /* CameraControls.cpp */,
				FC8E4AD4165CFEAE00B4B64D /* CameraControls.h */,
				FC8E4ADC165CFEAE00B4B64D /* ExitButton.cpp */,
				FC8E4AD5165CFEAE00B4B64D /* ExitButton.h */,
				FCFC2433166525F8005611E3 /* Overlay.cpp */,
				FCFC2434166525F8005611E3 /* Overlay.h */,
				FC4CA1DF165B9C78002E58C9 /* PaintingRenderer.cpp */,
				FC4CA1DE165B9C6E002E58C9 /* PaintingRenderer.h */,
				FC4CA21F165BA349002E58C9 /* PaintingTracker.cpp */,
				FC4CA21E165BA349002E58C9 /* PaintingTracker.h */,
				FCF0DAB31679018500E7F76F /* SlideBrowser.cpp */,
				FCF0DAB41679018500E7F76F /* SlideBrowser.h */,
				FC8E4AD9165CFEAE00B4B64D /* SlideBrowserControls.cpp */,
				FC8E4AD2165CFEAE00B4B64D /* SlideBrowserControls.h */,
				FC8E4ADD165CFEAE00B4B64D /* Slider.cpp */,
				FC8E4AD6165CFEAE00B4B64D /* Slider.h */,
				FCE6FCDD1663C211008BB2FD /* TextureBlock.cpp */,
				FCE6FCDE1663C211008BB2FD /* TextureBlock.h */,
				FC8E4ADE165CFEAE00B4B64D /* UIElement.cpp */,
				FC8E4AD7165CFEAE00B4B64D /* UIElement.h */,
			);
			name = Source;
			path = ../../../../Source;
			sourceTree = "<group>";
		};
		FC4CA213165BA19D002E58C9 /* Resources */ = {
			isa = PBXGroup;
			children = (
				FCE6FCE01663C536008BB2FD /* Textures */,
				FCFC243716653503005611E3 /* processing.png */,
				FCE6FCDA1663B6B5008BB2FD /* target.jpg */,
				FC956B5C1660E2C6004438D0 /* bar.png */,
				FC956B5D1660E2C6004438D0 /* exit.png */,
				FC956B5E1660E2C6004438D0 /* slider.png */,
				FC956B5F1660E2C6004438D0 /* camera.png */,
				FC956B601660E2C6004438D0 /* frame.png */,
			);
			name = Resources;
			path = ../../../../Resources;
			sourceTree = "<group>";
		};
		FC8E4AC2165CFEA000B4B64D /* MultiTouchEvents */ = {
			isa = PBXGroup;
			children = (
				FC8E4AC3165CFEA000B4B64D /* EventSource.cpp */,
				FC8E4AC4165CFEA000B4B64D /* EventSource.h */,
				FC8E4AC5165CFEA000B4B64D /* FastDelegate.h */,
				FC8E4AC6165CFEA000B4B64D /* FastDelegateBind.h */,
				FC8E4AC7165CFEA000B4B64D /* FingerEventArgs.cpp */,
				FC8E4AC8165CFEA000B4B64D /* FingerEventArgs.h */,
				FC8E4AC9165CFEA000B4B64D /* MultiTouchEventHandler.cpp */,
				FC8E4ACA165CFEA000B4B64D /* MultiTouchEventHandler.h */,
				FC8E4ACB165CFEA000B4B64D /* MultiTouchEventManager.cpp */,
				FC8E4ACC165CFEA000B4B64D /* MultiTouchEventManager.h */,
			);
			path = MultiTouchEvents;
			sourceTree = "<group>";
		};
		FCACCDBC165B96DF00CD0644 /* JDHUtility */ = {
			isa = PBXGroup;
			children = (
				FC73B1DC165F918000AF9DCB /* stb_image.h */,
				FC73B1DD165F918000AF9DCB /* stb_image.c */,
				FC8E4AB3165CFE8000B4B64D /* Colour3f.h */,
				FC8E4AB4165CFE8000B4B64D /* GLPrimitives.h */,
				FC8E4AB5165CFE8000B4B64D /* Point2i.h */,
				FC8E4AB6165CFE8000B4B64D /* WindowingUtils.h */,
				FC8E4AB7165CFE8000B4B64D /* XPlatformMutex.h */,
				FC8E4AB8165CFE8000B4B64D /* Colour3f.cpp */,
				FC8E4AB9165CFE8000B4B64D /* GLPrimitives.cpp */,
				FC8E4ABA165CFE8000B4B64D /* Point2i.cpp */,
				FC8E4ABB165CFE8000B4B64D /* WindowingUtils.cpp */,
				FC8E4ABC165CFE8000B4B64D /* XPlatformMutex.cpp */,
				FC4CA1E1165B9D17002E58C9 /* CrossPlatformTime.h */,
				FC4CA1E2165B9D17002E58C9 /* FileLocationUtility.h */,
				FC4CA1E4165B9D17002E58C9 /* GLTexture.h */,
				FC4CA1E5165B9D17002E58C9 /* GLVbo.h */,
				FC4CA1E8165B9D17002E58C9 /* Ndelete.h */,
				FC4CA1E9165B9D17002E58C9 /* Point2f.h */,
				FC4CA1EA165B9D17002E58C9 /* Point3f.h */,
				FC4CA1EB165B9D17002E58C9 /* Vector2f.h */,
				FC4CA1EC165B9D17002E58C9 /* CrossPlatformTime.cpp */,
				FC4CA1ED165B9D17002E58C9 /* FileLocationUtility.cpp */,
				FC4CA1EF165B9D17002E58C9 /* GLTexture.cpp */,
				FC4CA1F0165B9D17002E58C9 /* GLVbo.cpp */,
				FC4CA1F3165B9D17002E58C9 /* Point2f.cpp */,
				FC4CA1F4165B9D17002E58C9 /* Point3f.cpp */,
				FC4CA1F5165B9D17002E58C9 /* Vector2f.cpp */,
				FC4CA1DD165B97D0002E58C9 /* OpenGL.h */,
			);
			path = JDHUtility;
			sourceTree = "<group>";
		};
		FCE6FCE01663C536008BB2FD /* Textures */ = {
			isa = PBXGroup;
			children = (
				FCF0DAB11678FFB400E7F76F /* 20.png */,
				FCF0DA811678FE0700E7F76F /* 1.png */,
				FCF0DA821678FE0700E7F76F /* 2.png */,
				FCF0DA831678FE0700E7F76F /* 3.png */,
				FCF0DA841678FE0700E7F76F /* 4.png */,
				FCF0DA851678FE0700E7F76F /* 5.png */,
				FCF0DA861678FE0700E7F76F /* 6.png */,
				FCF0DA871678FE0700E7F76F /* 7.png */,
				FCF0DA881678FE0700E7F76F /* 8.png */,
				FCF0DA891678FE0700E7F76F /* 9.png */,
				FCF0DA8A1678FE0700E7F76F /* 10.png */,
				FCF0DA8B1678FE0700E7F76F /* 11.png */,
				FCF0DA8C1678FE0700E7F76F /* 12.png */,
				FCF0DA8D1678FE0700E7F76F /* 13.png */,
				FCF0DA8E1678FE0700E7F76F /* 14.png */,
				FCF0DA8F1678FE0700E7F76F /* 15.png */,
				FCF0DA901678FE0700E7F76F /* 16.png */,
				FCF0DA911678FE0700E7F76F /* 17.png */,
				FCF0DA921678FE0700E7F76F /* 18.png */,
				FCF0DA931678FE0700E7F76F /* 19.png */,
				FCF0DA941678FE0700E7F76F /* 21.png */,
				FCF0DA951678FE0700E7F76F /* 22.png */,
				FCF0DA961678FE0700E7F76F /* 23.png */,
				FCF0DA971678FE0700E7F76F /* 24.png */,
			);
			path = Textures;
			sourceTree = "<group>";
		};
/* End PBXGroup section */

/* Begin PBXNativeTarget section */
		FC33FEA416555EDC00B1FC69 /* PaintingRegistration */ = {
			isa = PBXNativeTarget;
			buildConfigurationList = FC33FED116555EDC00B1FC69 /* Build configuration list for PBXNativeTarget "PaintingRegistration" */;
			buildPhases = (
				FC33FEA116555EDC00B1FC69 /* Sources */,
				FC33FEA216555EDC00B1FC69 /* Frameworks */,
				FC33FEA316555EDC00B1FC69 /* Resources */,
			);
			buildRules = (
			);
			dependencies = (
			);
			name = PaintingRegistration;
			productName = PaintingRegistration;
			productReference = FC33FEA516555EDC00B1FC69 /* Pentimento.app */;
			productType = "com.apple.product-type.application";
		};
/* End PBXNativeTarget section */

/* Begin PBXProject section */
		FC33FE9C16555EDC00B1FC69 /* Project object */ = {
			isa = PBXProject;
			attributes = {
				LastUpgradeCheck = 0450;
				ORGANIZATIONNAME = "Jonathan Hook";
			};
			buildConfigurationList = FC33FE9F16555EDC00B1FC69 /* Build configuration list for PBXProject "PaintingRegistration" */;
			compatibilityVersion = "Xcode 3.2";
			developmentRegion = English;
			hasScannedForEncodings = 0;
			knownRegions = (
				en,
			);
			mainGroup = FC33FE9A16555EDC00B1FC69;
			productRefGroup = FC33FEA616555EDC00B1FC69 /* Products */;
			projectDirPath = "";
			projectRoot = "";
			targets = (
				FC33FEA416555EDC00B1FC69 /* PaintingRegistration */,
			);
		};
/* End PBXProject section */

/* Begin PBXResourcesBuildPhase section */
		FC33FEA316555EDC00B1FC69 /* Resources */ = {
			isa = PBXResourcesBuildPhase;
			buildActionMask = 2147483647;
			files = (
				FC33FEB816555EDC00B1FC69 /* InfoPlist.strings in Resources */,
				FC33FECE16555EDC00B1FC69 /* ViewController.xib in Resources */,
				FC956B621660E2C6004438D0 /* bar.png in Resources */,
				FC956B631660E2C6004438D0 /* exit.png in Resources */,
				FC956B641660E2C6004438D0 /* slider.png in Resources */,
				FC956B651660E2C6004438D0 /* camera.png in Resources */,
				FC956B661660E2C6004438D0 /* frame.png in Resources */,
				FCD42FF91660F31F0068FDDA /* Default.png in Resources */,
				FCD42FFC1660F5CB0068FDDA /* Default@2x.png in Resources */,
				FC2B02FB1662A88B007BB3C6 /* icon.png in Resources */,
				FC2B02FE1662A890007BB3C6 /* icon_retina.png in Resources */,
				FCE6FCDB1663B6B5008BB2FD /* target.jpg in Resources */,
				FCFC243816653503005611E3 /* processing.png in Resources */,
				FCF0DA991678FE0700E7F76F /* 1.png in Resources */,
				FCF0DA9A1678FE0700E7F76F /* 2.png in Resources */,
				FCF0DA9B1678FE0700E7F76F /* 3.png in Resources */,
				FCF0DA9C1678FE0700E7F76F /* 4.png in Resources */,
				FCF0DA9D1678FE0700E7F76F /* 5.png in Resources */,
				FCF0DA9E1678FE0700E7F76F /* 6.png in Resources */,
				FCF0DA9F1678FE0700E7F76F /* 7.png in Resources */,
				FCF0DAA01678FE0700E7F76F /* 8.png in Resources */,
				FCF0DAA11678FE0700E7F76F /* 9.png in Resources */,
				FCF0DAA21678FE0700E7F76F /* 10.png in Resources */,
				FCF0DAA31678FE0700E7F76F /* 11.png in Resources */,
				FCF0DAA41678FE0700E7F76F /* 12.png in Resources */,
				FCF0DAA51678FE0700E7F76F /* 13.png in Resources */,
				FCF0DAA61678FE0700E7F76F /* 14.png in Resources */,
				FCF0DAA71678FE0700E7F76F /* 15.png in Resources */,
				FCF0DAA81678FE0700E7F76F /* 16.png in Resources */,
				FCF0DAA91678FE0700E7F76F /* 17.png in Resources */,
				FCF0DAAA1678FE0700E7F76F /* 18.png in Resources */,
				FCF0DAAB1678FE0700E7F76F /* 19.png in Resources */,
				FCF0DAAC1678FE0700E7F76F /* 21.png in Resources */,
				FCF0DAAD1678FE0700E7F76F /* 22.png in Resources */,
				FCF0DAAE1678FE0700E7F76F /* 23.png in Resources */,
				FCF0DAAF1678FE0700E7F76F /* 24.png in Resources */,
				FCF0DAB21678FFB400E7F76F /* 20.png in Resources */,
			);
			runOnlyForDeploymentPostprocessing = 0;
		};
/* End PBXResourcesBuildPhase section */

/* Begin PBXSourcesBuildPhase section */
		FC33FEA116555EDC00B1FC69 /* Sources */ = {
			isa = PBXSourcesBuildPhase;
			buildActionMask = 2147483647;
			files = (
				FC33FEBA16555EDC00B1FC69 /* main.m in Sources */,
				FC33FEBE16555EDC00B1FC69 /* AppDelegate.mm in Sources */,
				FC33FECB16555EDC00B1FC69 /* ViewController.mm in Sources */,
				FCACCDBA165B956F00CD0644 /* App.cpp in Sources */,
				FC4CA1E0165B9C78002E58C9 /* PaintingRenderer.cpp in Sources */,
				FC4CA1F6165B9D17002E58C9 /* CrossPlatformTime.cpp in Sources */,
				FC4CA1F7165B9D17002E58C9 /* FileLocationUtility.cpp in Sources */,
				FC4CA1F9165B9D17002E58C9 /* GLTexture.cpp in Sources */,
				FC4CA1FA165B9D17002E58C9 /* GLVbo.cpp in Sources */,
				FC4CA1FD165B9D17002E58C9 /* Point2f.cpp in Sources */,
				FC4CA1FE165B9D17002E58C9 /* Point3f.cpp in Sources */,
				FC4CA1FF165B9D17002E58C9 /* Vector2f.cpp in Sources */,
				FC4CA220165BA349002E58C9 /* PaintingTracker.cpp in Sources */,
				FC8E4ABD165CFE8000B4B64D /* Colour3f.cpp in Sources */,
				FC8E4ABE165CFE8000B4B64D /* GLPrimitives.cpp in Sources */,
				FC8E4ABF165CFE8000B4B64D /* Point2i.cpp in Sources */,
				FC8E4AC0165CFE8000B4B64D /* WindowingUtils.cpp in Sources */,
				FC8E4AC1165CFE8000B4B64D /* XPlatformMutex.cpp in Sources */,
				FC8E4ACD165CFEA000B4B64D /* EventSource.cpp in Sources */,
				FC8E4ACE165CFEA000B4B64D /* FingerEventArgs.cpp in Sources */,
				FC8E4ACF165CFEA000B4B64D /* MultiTouchEventHandler.cpp in Sources */,
				FC8E4AD0165CFEA000B4B64D /* MultiTouchEventManager.cpp in Sources */,
				FC8E4ADF165CFEAE00B4B64D /* Browser.cpp in Sources */,
				FC8E4AE0165CFEAE00B4B64D /* SlideBrowserControls.cpp in Sources */,
				FC8E4AE1165CFEAE00B4B64D /* Camera.cpp in Sources */,
				FC8E4AE2165CFEAE00B4B64D /* CameraControls.cpp in Sources */,
				FC8E4AE3165CFEAE00B4B64D /* ExitButton.cpp in Sources */,
				FC8E4AE4165CFEAE00B4B64D /* Slider.cpp in Sources */,
				FC8E4AE5165CFEAE00B4B64D /* UIElement.cpp in Sources */,
				FC73B1DE165F918000AF9DCB /* stb_image.c in Sources */,
				FCE6FCDF1663C211008BB2FD /* TextureBlock.cpp in Sources */,
				FCFC2435166525F8005611E3 /* Overlay.cpp in Sources */,
				FCF0DAB51679018500E7F76F /* SlideBrowser.cpp in Sources */,
				FCF0DAB8167907D500E7F76F /* BrowserControls.cpp in Sources */,
			);
			runOnlyForDeploymentPostprocessing = 0;
		};
/* End PBXSourcesBuildPhase section */

/* Begin PBXVariantGroup section */
		FC33FEB616555EDC00B1FC69 /* InfoPlist.strings */ = {
			isa = PBXVariantGroup;
			children = (
				FC33FEB716555EDC00B1FC69 /* en */,
			);
			name = InfoPlist.strings;
			sourceTree = "<group>";
		};
		FC33FECC16555EDC00B1FC69 /* ViewController.xib */ = {
			isa = PBXVariantGroup;
			children = (
				FC33FECD16555EDC00B1FC69 /* en */,
			);
			name = ViewController.xib;
			sourceTree = "<group>";
		};
/* End PBXVariantGroup section */

/* Begin XCBuildConfiguration section */
		FC33FECF16555EDC00B1FC69 /* Debug */ = {
			isa = XCBuildConfiguration;
			buildSettings = {
				ALWAYS_SEARCH_USER_PATHS = NO;
				CLANG_CXX_LANGUAGE_STANDARD = "gnu++0x";
				CLANG_CXX_LIBRARY = "libc++";
				CLANG_WARN_EMPTY_BODY = YES;
				CLANG_WARN__DUPLICATE_METHOD_MATCH = YES;
				"CODE_SIGN_IDENTITY[sdk=iphoneos*]" = "iPhone Developer";
				COPY_PHASE_STRIP = NO;
				GCC_C_LANGUAGE_STANDARD = gnu99;
				GCC_DYNAMIC_NO_PIC = NO;
				GCC_OPTIMIZATION_LEVEL = 0;
				GCC_PREPROCESSOR_DEFINITIONS = (
					"DEBUG=1",
					"$(inherited)",
				);
				GCC_SYMBOLS_PRIVATE_EXTERN = NO;
				GCC_WARN_ABOUT_RETURN_TYPE = YES;
				GCC_WARN_UNINITIALIZED_AUTOS = YES;
				GCC_WARN_UNUSED_VARIABLE = YES;
				IPHONEOS_DEPLOYMENT_TARGET = 6.0;
				ONLY_ACTIVE_ARCH = YES;
				"PROVISIONING_PROFILE[sdk=iphoneos*]" = "";
				SDKROOT = iphoneos;
				TARGETED_DEVICE_FAMILY = 2;
			};
			name = Debug;
		};
		FC33FED016555EDC00B1FC69 /* Release */ = {
			isa = XCBuildConfiguration;
			buildSettings = {
				ALWAYS_SEARCH_USER_PATHS = NO;
				CLANG_CXX_LANGUAGE_STANDARD = "gnu++0x";
				CLANG_CXX_LIBRARY = "libc++";
				CLANG_WARN_EMPTY_BODY = YES;
				CLANG_WARN__DUPLICATE_METHOD_MATCH = YES;
				"CODE_SIGN_IDENTITY[sdk=iphoneos*]" = "iPhone Developer";
				COPY_PHASE_STRIP = YES;
				GCC_C_LANGUAGE_STANDARD = gnu99;
				GCC_WARN_ABOUT_RETURN_TYPE = YES;
				GCC_WARN_UNINITIALIZED_AUTOS = YES;
				GCC_WARN_UNUSED_VARIABLE = YES;
				IPHONEOS_DEPLOYMENT_TARGET = 6.0;
				OTHER_CFLAGS = "-DNS_BLOCK_ASSERTIONS=1";
				SDKROOT = iphoneos;
				TARGETED_DEVICE_FAMILY = 2;
				VALIDATE_PRODUCT = YES;
			};
			name = Release;
		};
		FC33FED216555EDC00B1FC69 /* Debug */ = {
			isa = XCBuildConfiguration;
			buildSettings = {
				FRAMEWORK_SEARCH_PATHS = (
					"$(inherited)",
					"\"$(SRCROOT)/../../../Source\"",
					"\"$(SRCROOT)/../../../Dependencies\"",
					"\"$(SYSTEM_APPS_DIR)/Xcode.app/Contents/Developer/Library/Frameworks\"",
				);
				GCC_PRECOMPILE_PREFIX_HEADER = YES;
				GCC_PREFIX_HEADER = "PaintingRegistration/PaintingRegistration-Prefix.pch";
				HEADER_SEARCH_PATHS = "../../../Source/**";
				INFOPLIST_FILE = "PaintingRegistration/PaintingRegistration-Info.plist";
				IPHONEOS_DEPLOYMENT_TARGET = 6.0;
				PRODUCT_NAME = Pentimento;
				TARGETED_DEVICE_FAMILY = 1;
				WRAPPER_EXTENSION = app;
			};
			name = Debug;
		};
		FC33FED316555EDC00B1FC69 /* Release */ = {
			isa = XCBuildConfiguration;
			buildSettings = {
				FRAMEWORK_SEARCH_PATHS = (
					"$(inherited)",
					"\"$(SRCROOT)/../../../Source\"",
					"\"$(SRCROOT)/../../../Dependencies\"",
					"\"$(SYSTEM_APPS_DIR)/Xcode.app/Contents/Developer/Library/Frameworks\"",
				);
				GCC_PRECOMPILE_PREFIX_HEADER = YES;
				GCC_PREFIX_HEADER = "PaintingRegistration/PaintingRegistration-Prefix.pch";
				HEADER_SEARCH_PATHS = "../../../Source/**";
				INFOPLIST_FILE = "PaintingRegistration/PaintingRegistration-Info.plist";
				IPHONEOS_DEPLOYMENT_TARGET = 6.0;
				PRODUCT_NAME = Pentimento;
				TARGETED_DEVICE_FAMILY = 1;
				WRAPPER_EXTENSION = app;
			};
			name = Release;
		};
/* End XCBuildConfiguration section */

/* Begin XCConfigurationList section */
		FC33FE9F16555EDC00B1FC69 /* Build configuration list for PBXProject "PaintingRegistration" */ = {
			isa = XCConfigurationList;
			buildConfigurations = (
				FC33FECF16555EDC00B1FC69 /* Debug */,
				FC33FED016555EDC00B1FC69 /* Release */,
			);
			defaultConfigurationIsVisible = 0;
			defaultConfigurationName = Release;
		};
		FC33FED116555EDC00B1FC69 /* Build configuration list for PBXNativeTarget "PaintingRegistration" */ = {
			isa = XCConfigurationList;
			buildConfigurations = (
				FC33FED216555EDC00B1FC69 /* Debug */,
				FC33FED316555EDC00B1FC69 /* Release */,
			);
			defaultConfigurationIsVisible = 0;
			defaultConfigurationName = Release;
		};
/* End XCConfigurationList section */
	};
	rootObject = FC33FE9C16555EDC00B1FC69 /* Project object */;
}
