// !$*UTF8*$!
{
	archiveVersion = 1;
	classes = {
	};
	objectVersion = 46;
	objects = {

/* Begin PBXBuildFile section */
		FC4CA22E165BB52C002E58C9 /* App.cpp in Sources */ = {isa = PBXBuildFile; fileRef = FC4CA22B165BB52C002E58C9 /* App.cpp */; };
		FC4CA22F165BB52C002E58C9 /* PaintingRenderer.cpp in Sources */ = {isa = PBXBuildFile; fileRef = FC4CA22C165BB52C002E58C9 /* PaintingRenderer.cpp */; };
		FC4CA230165BB52C002E58C9 /* PaintingTracker.cpp in Sources */ = {isa = PBXBuildFile; fileRef = FC4CA22D165BB52C002E58C9 /* PaintingTracker.cpp */; };
		FC4CA25E165BBEDC002E58C9 /* CrossPlatformTime.cpp in Sources */ = {isa = PBXBuildFile; fileRef = FC4CA248165BBEDC002E58C9 /* CrossPlatformTime.cpp */; };
		FC4CA25F165BBEDC002E58C9 /* FileLocationUtility.cpp in Sources */ = {isa = PBXBuildFile; fileRef = FC4CA24A165BBEDC002E58C9 /* FileLocationUtility.cpp */; };
		FC4CA261165BBEDC002E58C9 /* GLTexture.cpp in Sources */ = {isa = PBXBuildFile; fileRef = FC4CA24E165BBEDC002E58C9 /* GLTexture.cpp */; };
		FC4CA262165BBEDC002E58C9 /* GLVbo.cpp in Sources */ = {isa = PBXBuildFile; fileRef = FC4CA250165BBEDC002E58C9 /* GLVbo.cpp */; };
		FC4CA265165BBEDC002E58C9 /* Point2f.cpp in Sources */ = {isa = PBXBuildFile; fileRef = FC4CA258165BBEDC002E58C9 /* Point2f.cpp */; };
		FC4CA266165BBEDC002E58C9 /* Point3f.cpp in Sources */ = {isa = PBXBuildFile; fileRef = FC4CA25A165BBEDC002E58C9 /* Point3f.cpp */; };
		FC4CA267165BBEDC002E58C9 /* Vector2f.cpp in Sources */ = {isa = PBXBuildFile; fileRef = FC4CA25C165BBEDC002E58C9 /* Vector2f.cpp */; };
		FC4CA26A165BBEEF002E58C9 /* UIElement.cpp in Sources */ = {isa = PBXBuildFile; fileRef = FC4CA269165BBEEE002E58C9 /* UIElement.cpp */; };
		FC4CA276165BBFB9002E58C9 /* EventSource.cpp in Sources */ = {isa = PBXBuildFile; fileRef = FC4CA26C165BBFB9002E58C9 /* EventSource.cpp */; };
		FC4CA277165BBFB9002E58C9 /* FingerEventArgs.cpp in Sources */ = {isa = PBXBuildFile; fileRef = FC4CA270165BBFB9002E58C9 /* FingerEventArgs.cpp */; };
		FC4CA278165BBFB9002E58C9 /* MultiTouchEventHandler.cpp in Sources */ = {isa = PBXBuildFile; fileRef = FC4CA272165BBFB9002E58C9 /* MultiTouchEventHandler.cpp */; };
		FC4CA279165BBFB9002E58C9 /* MultiTouchEventManager.cpp in Sources */ = {isa = PBXBuildFile; fileRef = FC4CA274165BBFB9002E58C9 /* MultiTouchEventManager.cpp */; };
		FC4CA27C165BC023002E58C9 /* WindowingUtils.cpp in Sources */ = {isa = PBXBuildFile; fileRef = FC4CA27B165BC023002E58C9 /* WindowingUtils.cpp */; };
		FC4CA27F165BC0FB002E58C9 /* XPlatformMutex.cpp in Sources */ = {isa = PBXBuildFile; fileRef = FC4CA27E165BC0FB002E58C9 /* XPlatformMutex.cpp */; };
		FC4CA282165BC1A5002E58C9 /* Point2i.cpp in Sources */ = {isa = PBXBuildFile; fileRef = FC4CA281165BC1A5002E58C9 /* Point2i.cpp */; };
		FC4CA285165BCAB6002E58C9 /* Camera.cpp in Sources */ = {isa = PBXBuildFile; fileRef = FC4CA283165BCAB5002E58C9 /* Camera.cpp */; };
		FC4CA288165BCD1D002E58C9 /* GLPrimitives.cpp in Sources */ = {isa = PBXBuildFile; fileRef = FC4CA287165BCD1C002E58C9 /* GLPrimitives.cpp */; };
		FC5C4B451656747F00085587 /* OpenGL.framework in Frameworks */ = {isa = PBXBuildFile; fileRef = FC5C4B441656747F00085587 /* OpenGL.framework */; };
		FC5C4B471656748800085587 /* GLUT.framework in Frameworks */ = {isa = PBXBuildFile; fileRef = FC5C4B461656748800085587 /* GLUT.framework */; };
		FC73B1D5165F871E00AF9DCB /* stb_image.c in Sources */ = {isa = PBXBuildFile; fileRef = FC73B1D4165F871E00AF9DCB /* stb_image.c */; };
		FCA5736516556A17002CF651 /* main.cpp in Sources */ = {isa = PBXBuildFile; fileRef = FCA5736416556A17002CF651 /* main.cpp */; };
		FCA5736716556A17002CF651 /* PaintingRegistration.1 in CopyFiles */ = {isa = PBXBuildFile; fileRef = FCA5736616556A17002CF651 /* PaintingRegistration.1 */; };
		FCC809CE165BE32A007966A9 /* CameraControls.cpp in Sources */ = {isa = PBXBuildFile; fileRef = FCC809CC165BE32A007966A9 /* CameraControls.cpp */; };
		FCC809D1165BE844007966A9 /* Colour3f.cpp in Sources */ = {isa = PBXBuildFile; fileRef = FCC809D0165BE844007966A9 /* Colour3f.cpp */; };
		FCC809D4165BEDD6007966A9 /* Browser.cpp in Sources */ = {isa = PBXBuildFile; fileRef = FCC809D2165BEDD6007966A9 /* Browser.cpp */; };
		FCC809D7165BF1D0007966A9 /* BrowserControls.cpp in Sources */ = {isa = PBXBuildFile; fileRef = FCC809D5165BF1D0007966A9 /* BrowserControls.cpp */; };
		FCC809DA165BF2C8007966A9 /* Slider.cpp in Sources */ = {isa = PBXBuildFile; fileRef = FCC809D8165BF2C8007966A9 /* Slider.cpp */; };
		FCD8FA99165675D800BB4434 /* libopencv_calib3d.2.4.3.dylib in Frameworks */ = {isa = PBXBuildFile; fileRef = FCD8FA98165675D800BB4434 /* libopencv_calib3d.2.4.3.dylib */; };
		FCD8FA9B165675E500BB4434 /* libopencv_core.2.4.3.dylib in Frameworks */ = {isa = PBXBuildFile; fileRef = FCD8FA9A165675E500BB4434 /* libopencv_core.2.4.3.dylib */; };
		FCD8FA9D165675EF00BB4434 /* libopencv_features2d.2.4.3.dylib in Frameworks */ = {isa = PBXBuildFile; fileRef = FCD8FA9C165675EF00BB4434 /* libopencv_features2d.2.4.3.dylib */; };
		FCD8FA9F1656760200BB4434 /* libopencv_highgui.2.4.3.dylib in Frameworks */ = {isa = PBXBuildFile; fileRef = FCD8FA9E1656760200BB4434 /* libopencv_highgui.2.4.3.dylib */; };
		FCD8FAA11656760B00BB4434 /* libopencv_nonfree.2.4.3.dylib in Frameworks */ = {isa = PBXBuildFile; fileRef = FCD8FAA01656760B00BB4434 /* libopencv_nonfree.2.4.3.dylib */; };
		FCD8FAA31656761600BB4434 /* libopencv_imgproc.2.4.3.dylib in Frameworks */ = {isa = PBXBuildFile; fileRef = FCD8FAA21656761600BB4434 /* libopencv_imgproc.2.4.3.dylib */; };
		FCE92DF4165C046B002FF92C /* ExitButton.cpp in Sources */ = {isa = PBXBuildFile; fileRef = FCE92DF2165C046B002FF92C /* ExitButton.cpp */; };
/* End PBXBuildFile section */

/* Begin PBXCopyFilesBuildPhase section */
		FCA5735E16556A17002CF651 /* CopyFiles */ = {
			isa = PBXCopyFilesBuildPhase;
			buildActionMask = 2147483647;
			dstPath = /usr/share/man/man1/;
			dstSubfolderSpec = 0;
			files = (
				FCA5736716556A17002CF651 /* PaintingRegistration.1 in CopyFiles */,
			);
			runOnlyForDeploymentPostprocessing = 1;
		};
/* End PBXCopyFilesBuildPhase section */

/* Begin PBXFileReference section */
		FC4CA228165BB52C002E58C9 /* App.h */ = {isa = PBXFileReference; fileEncoding = 4; lastKnownFileType = sourcecode.c.h; path = App.h; sourceTree = "<group>"; };
		FC4CA229165BB52C002E58C9 /* PaintingRenderer.h */ = {isa = PBXFileReference; fileEncoding = 4; lastKnownFileType = sourcecode.c.h; path = PaintingRenderer.h; sourceTree = "<group>"; };
		FC4CA22A165BB52C002E58C9 /* PaintingTracker.h */ = {isa = PBXFileReference; fileEncoding = 4; lastKnownFileType = sourcecode.c.h; path = PaintingTracker.h; sourceTree = "<group>"; };
		FC4CA22B165BB52C002E58C9 /* App.cpp */ = {isa = PBXFileReference; fileEncoding = 4; lastKnownFileType = sourcecode.cpp.cpp; path = App.cpp; sourceTree = "<group>"; };
		FC4CA22C165BB52C002E58C9 /* PaintingRenderer.cpp */ = {isa = PBXFileReference; fileEncoding = 4; lastKnownFileType = sourcecode.cpp.cpp; path = PaintingRenderer.cpp; sourceTree = "<group>"; };
		FC4CA22D165BB52C002E58C9 /* PaintingTracker.cpp */ = {isa = PBXFileReference; fileEncoding = 4; lastKnownFileType = sourcecode.cpp.cpp; path = PaintingTracker.cpp; sourceTree = "<group>"; };
		FC4CA248165BBEDC002E58C9 /* CrossPlatformTime.cpp */ = {isa = PBXFileReference; fileEncoding = 4; lastKnownFileType = sourcecode.cpp.cpp; path = CrossPlatformTime.cpp; sourceTree = "<group>"; };
		FC4CA249165BBEDC002E58C9 /* CrossPlatformTime.h */ = {isa = PBXFileReference; fileEncoding = 4; lastKnownFileType = sourcecode.c.h; path = CrossPlatformTime.h; sourceTree = "<group>"; };
		FC4CA24A165BBEDC002E58C9 /* FileLocationUtility.cpp */ = {isa = PBXFileReference; fileEncoding = 4; lastKnownFileType = sourcecode.cpp.cpp; path = FileLocationUtility.cpp; sourceTree = "<group>"; };
		FC4CA24B165BBEDC002E58C9 /* FileLocationUtility.h */ = {isa = PBXFileReference; fileEncoding = 4; lastKnownFileType = sourcecode.c.h; path = FileLocationUtility.h; sourceTree = "<group>"; };
		FC4CA24E165BBEDC002E58C9 /* GLTexture.cpp */ = {isa = PBXFileReference; fileEncoding = 4; lastKnownFileType = sourcecode.cpp.cpp; path = GLTexture.cpp; sourceTree = "<group>"; };
		FC4CA24F165BBEDC002E58C9 /* GLTexture.h */ = {isa = PBXFileReference; fileEncoding = 4; lastKnownFileType = sourcecode.c.h; path = GLTexture.h; sourceTree = "<group>"; };
		FC4CA250165BBEDC002E58C9 /* GLVbo.cpp */ = {isa = PBXFileReference; fileEncoding = 4; lastKnownFileType = sourcecode.cpp.cpp; path = GLVbo.cpp; sourceTree = "<group>"; };
		FC4CA251165BBEDC002E58C9 /* GLVbo.h */ = {isa = PBXFileReference; fileEncoding = 4; lastKnownFileType = sourcecode.c.h; path = GLVbo.h; sourceTree = "<group>"; };
		FC4CA256165BBEDC002E58C9 /* Ndelete.h */ = {isa = PBXFileReference; fileEncoding = 4; lastKnownFileType = sourcecode.c.h; path = Ndelete.h; sourceTree = "<group>"; };
		FC4CA257165BBEDC002E58C9 /* OpenGL.h */ = {isa = PBXFileReference; fileEncoding = 4; lastKnownFileType = sourcecode.c.h; path = OpenGL.h; sourceTree = "<group>"; };
		FC4CA258165BBEDC002E58C9 /* Point2f.cpp */ = {isa = PBXFileReference; fileEncoding = 4; lastKnownFileType = sourcecode.cpp.cpp; path = Point2f.cpp; sourceTree = "<group>"; };
		FC4CA259165BBEDC002E58C9 /* Point2f.h */ = {isa = PBXFileReference; fileEncoding = 4; lastKnownFileType = sourcecode.c.h; path = Point2f.h; sourceTree = "<group>"; };
		FC4CA25A165BBEDC002E58C9 /* Point3f.cpp */ = {isa = PBXFileReference; fileEncoding = 4; lastKnownFileType = sourcecode.cpp.cpp; path = Point3f.cpp; sourceTree = "<group>"; };
		FC4CA25B165BBEDC002E58C9 /* Point3f.h */ = {isa = PBXFileReference; fileEncoding = 4; lastKnownFileType = sourcecode.c.h; path = Point3f.h; sourceTree = "<group>"; };
		FC4CA25C165BBEDC002E58C9 /* Vector2f.cpp */ = {isa = PBXFileReference; fileEncoding = 4; lastKnownFileType = sourcecode.cpp.cpp; path = Vector2f.cpp; sourceTree = "<group>"; };
		FC4CA25D165BBEDC002E58C9 /* Vector2f.h */ = {isa = PBXFileReference; fileEncoding = 4; lastKnownFileType = sourcecode.c.h; path = Vector2f.h; sourceTree = "<group>"; };
		FC4CA268165BBEEE002E58C9 /* UIElement.h */ = {isa = PBXFileReference; fileEncoding = 4; lastKnownFileType = sourcecode.c.h; path = UIElement.h; sourceTree = "<group>"; };
		FC4CA269165BBEEE002E58C9 /* UIElement.cpp */ = {isa = PBXFileReference; fileEncoding = 4; lastKnownFileType = sourcecode.cpp.cpp; path = UIElement.cpp; sourceTree = "<group>"; };
		FC4CA26C165BBFB9002E58C9 /* EventSource.cpp */ = {isa = PBXFileReference; fileEncoding = 4; lastKnownFileType = sourcecode.cpp.cpp; path = EventSource.cpp; sourceTree = "<group>"; };
		FC4CA26D165BBFB9002E58C9 /* EventSource.h */ = {isa = PBXFileReference; fileEncoding = 4; lastKnownFileType = sourcecode.c.h; path = EventSource.h; sourceTree = "<group>"; };
		FC4CA26E165BBFB9002E58C9 /* FastDelegate.h */ = {isa = PBXFileReference; fileEncoding = 4; lastKnownFileType = sourcecode.c.h; path = FastDelegate.h; sourceTree = "<group>"; };
		FC4CA26F165BBFB9002E58C9 /* FastDelegateBind.h */ = {isa = PBXFileReference; fileEncoding = 4; lastKnownFileType = sourcecode.c.h; path = FastDelegateBind.h; sourceTree = "<group>"; };
		FC4CA270165BBFB9002E58C9 /* FingerEventArgs.cpp */ = {isa = PBXFileReference; fileEncoding = 4; lastKnownFileType = sourcecode.cpp.cpp; path = FingerEventArgs.cpp; sourceTree = "<group>"; };
		FC4CA271165BBFB9002E58C9 /* FingerEventArgs.h */ = {isa = PBXFileReference; fileEncoding = 4; lastKnownFileType = sourcecode.c.h; path = FingerEventArgs.h; sourceTree = "<group>"; };
		FC4CA272165BBFB9002E58C9 /* MultiTouchEventHandler.cpp */ = {isa = PBXFileReference; fileEncoding = 4; lastKnownFileType = sourcecode.cpp.cpp; path = MultiTouchEventHandler.cpp; sourceTree = "<group>"; };
		FC4CA273165BBFB9002E58C9 /* MultiTouchEventHandler.h */ = {isa = PBXFileReference; fileEncoding = 4; lastKnownFileType = sourcecode.c.h; path = MultiTouchEventHandler.h; sourceTree = "<group>"; };
		FC4CA274165BBFB9002E58C9 /* MultiTouchEventManager.cpp */ = {isa = PBXFileReference; fileEncoding = 4; lastKnownFileType = sourcecode.cpp.cpp; path = MultiTouchEventManager.cpp; sourceTree = "<group>"; };
		FC4CA275165BBFB9002E58C9 /* MultiTouchEventManager.h */ = {isa = PBXFileReference; fileEncoding = 4; lastKnownFileType = sourcecode.c.h; path = MultiTouchEventManager.h; sourceTree = "<group>"; };
		FC4CA27A165BC023002E58C9 /* WindowingUtils.h */ = {isa = PBXFileReference; fileEncoding = 4; lastKnownFileType = sourcecode.c.h; path = WindowingUtils.h; sourceTree = "<group>"; };
		FC4CA27B165BC023002E58C9 /* WindowingUtils.cpp */ = {isa = PBXFileReference; fileEncoding = 4; lastKnownFileType = sourcecode.cpp.cpp; path = WindowingUtils.cpp; sourceTree = "<group>"; };
		FC4CA27D165BC0FA002E58C9 /* XPlatformMutex.h */ = {isa = PBXFileReference; fileEncoding = 4; lastKnownFileType = sourcecode.c.h; path = XPlatformMutex.h; sourceTree = "<group>"; };
		FC4CA27E165BC0FB002E58C9 /* XPlatformMutex.cpp */ = {isa = PBXFileReference; fileEncoding = 4; lastKnownFileType = sourcecode.cpp.cpp; path = XPlatformMutex.cpp; sourceTree = "<group>"; };
		FC4CA280165BC1A5002E58C9 /* Point2i.h */ = {isa = PBXFileReference; fileEncoding = 4; lastKnownFileType = sourcecode.c.h; path = Point2i.h; sourceTree = "<group>"; };
		FC4CA281165BC1A5002E58C9 /* Point2i.cpp */ = {isa = PBXFileReference; fileEncoding = 4; lastKnownFileType = sourcecode.cpp.cpp; path = Point2i.cpp; sourceTree = "<group>"; };
		FC4CA283165BCAB5002E58C9 /* Camera.cpp */ = {isa = PBXFileReference; fileEncoding = 4; lastKnownFileType = sourcecode.cpp.cpp; path = Camera.cpp; sourceTree = "<group>"; };
		FC4CA284165BCAB6002E58C9 /* Camera.h */ = {isa = PBXFileReference; fileEncoding = 4; lastKnownFileType = sourcecode.c.h; path = Camera.h; sourceTree = "<group>"; };
		FC4CA286165BCD1C002E58C9 /* GLPrimitives.h */ = {isa = PBXFileReference; fileEncoding = 4; lastKnownFileType = sourcecode.c.h; path = GLPrimitives.h; sourceTree = "<group>"; };
		FC4CA287165BCD1C002E58C9 /* GLPrimitives.cpp */ = {isa = PBXFileReference; fileEncoding = 4; lastKnownFileType = sourcecode.cpp.cpp; path = GLPrimitives.cpp; sourceTree = "<group>"; };
		FC5C4B441656747F00085587 /* OpenGL.framework */ = {isa = PBXFileReference; lastKnownFileType = wrapper.framework; name = OpenGL.framework; path = System/Library/Frameworks/OpenGL.framework; sourceTree = SDKROOT; };
		FC5C4B461656748800085587 /* GLUT.framework */ = {isa = PBXFileReference; lastKnownFileType = wrapper.framework; name = GLUT.framework; path = System/Library/Frameworks/GLUT.framework; sourceTree = SDKROOT; };
		FC73B1D4165F871E00AF9DCB /* stb_image.c */ = {isa = PBXFileReference; fileEncoding = 4; lastKnownFileType = sourcecode.c.c; path = stb_image.c; sourceTree = "<group>"; };
		FC73B1D7165F8B2300AF9DCB /* stb_image.h */ = {isa = PBXFileReference; lastKnownFileType = sourcecode.c.h; path = stb_image.h; sourceTree = "<group>"; };
		FCA5736016556A17002CF651 /* PaintingRegistration */ = {isa = PBXFileReference; explicitFileType = "compiled.mach-o.executable"; includeInIndex = 0; path = PaintingRegistration; sourceTree = BUILT_PRODUCTS_DIR; };
		FCA5736416556A17002CF651 /* main.cpp */ = {isa = PBXFileReference; lastKnownFileType = sourcecode.cpp.cpp; path = main.cpp; sourceTree = "<group>"; };
		FCA5736616556A17002CF651 /* PaintingRegistration.1 */ = {isa = PBXFileReference; lastKnownFileType = text.man; path = PaintingRegistration.1; sourceTree = "<group>"; };
		FCBEA699165FD2C00053F822 /* target.jpg */ = {isa = PBXFileReference; lastKnownFileType = image.jpeg; path = target.jpg; sourceTree = "<group>"; };
		FCC809CC165BE32A007966A9 /* CameraControls.cpp */ = {isa = PBXFileReference; fileEncoding = 4; lastKnownFileType = sourcecode.cpp.cpp; path = CameraControls.cpp; sourceTree = "<group>"; };
		FCC809CD165BE32A007966A9 /* CameraControls.h */ = {isa = PBXFileReference; fileEncoding = 4; lastKnownFileType = sourcecode.c.h; path = CameraControls.h; sourceTree = "<group>"; };
		FCC809CF165BE844007966A9 /* Colour3f.h */ = {isa = PBXFileReference; fileEncoding = 4; lastKnownFileType = sourcecode.c.h; path = Colour3f.h; sourceTree = "<group>"; };
		FCC809D0165BE844007966A9 /* Colour3f.cpp */ = {isa = PBXFileReference; fileEncoding = 4; lastKnownFileType = sourcecode.cpp.cpp; path = Colour3f.cpp; sourceTree = "<group>"; };
		FCC809D2165BEDD6007966A9 /* Browser.cpp */ = {isa = PBXFileReference; fileEncoding = 4; lastKnownFileType = sourcecode.cpp.cpp; path = Browser.cpp; sourceTree = "<group>"; };
		FCC809D3165BEDD6007966A9 /* Browser.h */ = {isa = PBXFileReference; fileEncoding = 4; lastKnownFileType = sourcecode.c.h; path = Browser.h; sourceTree = "<group>"; };
		FCC809D5165BF1D0007966A9 /* BrowserControls.cpp */ = {isa = PBXFileReference; fileEncoding = 4; lastKnownFileType = sourcecode.cpp.cpp; path = BrowserControls.cpp; sourceTree = "<group>"; };
		FCC809D6165BF1D0007966A9 /* BrowserControls.h */ = {isa = PBXFileReference; fileEncoding = 4; lastKnownFileType = sourcecode.c.h; path = BrowserControls.h; sourceTree = "<group>"; };
		FCC809D8165BF2C8007966A9 /* Slider.cpp */ = {isa = PBXFileReference; fileEncoding = 4; lastKnownFileType = sourcecode.cpp.cpp; path = Slider.cpp; sourceTree = "<group>"; };
		FCC809D9165BF2C8007966A9 /* Slider.h */ = {isa = PBXFileReference; fileEncoding = 4; lastKnownFileType = sourcecode.c.h; path = Slider.h; sourceTree = "<group>"; };
		FCD8FA98165675D800BB4434 /* libopencv_calib3d.2.4.3.dylib */ = {isa = PBXFileReference; lastKnownFileType = "compiled.mach-o.dylib"; name = libopencv_calib3d.2.4.3.dylib; path = ../../../../../../../../usr/local/lib/libopencv_calib3d.2.4.3.dylib; sourceTree = "<group>"; };
		FCD8FA9A165675E500BB4434 /* libopencv_core.2.4.3.dylib */ = {isa = PBXFileReference; lastKnownFileType = "compiled.mach-o.dylib"; name = libopencv_core.2.4.3.dylib; path = ../../../../../../../../usr/local/lib/libopencv_core.2.4.3.dylib; sourceTree = "<group>"; };
		FCD8FA9C165675EF00BB4434 /* libopencv_features2d.2.4.3.dylib */ = {isa = PBXFileReference; lastKnownFileType = "compiled.mach-o.dylib"; name = libopencv_features2d.2.4.3.dylib; path = ../../../../../../../../usr/local/lib/libopencv_features2d.2.4.3.dylib; sourceTree = "<group>"; };
		FCD8FA9E1656760200BB4434 /* libopencv_highgui.2.4.3.dylib */ = {isa = PBXFileReference; lastKnownFileType = "compiled.mach-o.dylib"; name = libopencv_highgui.2.4.3.dylib; path = ../../../../../../../../usr/local/lib/libopencv_highgui.2.4.3.dylib; sourceTree = "<group>"; };
		FCD8FAA01656760B00BB4434 /* libopencv_nonfree.2.4.3.dylib */ = {isa = PBXFileReference; lastKnownFileType = "compiled.mach-o.dylib"; name = libopencv_nonfree.2.4.3.dylib; path = ../../../../../../../../usr/local/lib/libopencv_nonfree.2.4.3.dylib; sourceTree = "<group>"; };
		FCD8FAA21656761600BB4434 /* libopencv_imgproc.2.4.3.dylib */ = {isa = PBXFileReference; lastKnownFileType = "compiled.mach-o.dylib"; name = libopencv_imgproc.2.4.3.dylib; path = ../../../../../../../../usr/local/lib/libopencv_imgproc.2.4.3.dylib; sourceTree = "<group>"; };
		FCE92DF2165C046B002FF92C /* ExitButton.cpp */ = {isa = PBXFileReference; fileEncoding = 4; lastKnownFileType = sourcecode.cpp.cpp; path = ExitButton.cpp; sourceTree = "<group>"; };
		FCE92DF3165C046B002FF92C /* ExitButton.h */ = {isa = PBXFileReference; fileEncoding = 4; lastKnownFileType = sourcecode.c.h; path = ExitButton.h; sourceTree = "<group>"; };
/* End PBXFileReference section */

/* Begin PBXFrameworksBuildPhase section */
		FCA5735D16556A17002CF651 /* Frameworks */ = {
			isa = PBXFrameworksBuildPhase;
			buildActionMask = 2147483647;
			files = (
				FCD8FAA31656761600BB4434 /* libopencv_imgproc.2.4.3.dylib in Frameworks */,
				FCD8FAA11656760B00BB4434 /* libopencv_nonfree.2.4.3.dylib in Frameworks */,
				FCD8FA9F1656760200BB4434 /* libopencv_highgui.2.4.3.dylib in Frameworks */,
				FCD8FA9D165675EF00BB4434 /* libopencv_features2d.2.4.3.dylib in Frameworks */,
				FCD8FA9B165675E500BB4434 /* libopencv_core.2.4.3.dylib in Frameworks */,
				FCD8FA99165675D800BB4434 /* libopencv_calib3d.2.4.3.dylib in Frameworks */,
				FC5C4B471656748800085587 /* GLUT.framework in Frameworks */,
				FC5C4B451656747F00085587 /* OpenGL.framework in Frameworks */,
			);
			runOnlyForDeploymentPostprocessing = 0;
		};
/* End PBXFrameworksBuildPhase section */

/* Begin PBXGroup section */
		FC47380616563E190011871B /* Source */ = {
			isa = PBXGroup;
			children = (
				FC4CA26B165BBFB9002E58C9 /* MultiTouchEvents */,
				FC4CA247165BBEDB002E58C9 /* JDHUtility */,
				FC4CA268165BBEEE002E58C9 /* UIElement.h */,
				FC4CA269165BBEEE002E58C9 /* UIElement.cpp */,
				FC4CA228165BB52C002E58C9 /* App.h */,
				FC4CA229165BB52C002E58C9 /* PaintingRenderer.h */,
				FC4CA22A165BB52C002E58C9 /* PaintingTracker.h */,
				FC4CA22B165BB52C002E58C9 /* App.cpp */,
				FC4CA22C165BB52C002E58C9 /* PaintingRenderer.cpp */,
				FC4CA22D165BB52C002E58C9 /* PaintingTracker.cpp */,
				FC4CA283165BCAB5002E58C9 /* Camera.cpp */,
				FC4CA284165BCAB6002E58C9 /* Camera.h */,
				FCC809CC165BE32A007966A9 /* CameraControls.cpp */,
				FCC809CD165BE32A007966A9 /* CameraControls.h */,
				FCC809D2165BEDD6007966A9 /* Browser.cpp */,
				FCC809D3165BEDD6007966A9 /* Browser.h */,
				FCC809D5165BF1D0007966A9 /* BrowserControls.cpp */,
				FCC809D6165BF1D0007966A9 /* BrowserControls.h */,
				FCC809D8165BF2C8007966A9 /* Slider.cpp */,
				FCC809D9165BF2C8007966A9 /* Slider.h */,
				FCE92DF2165C046B002FF92C /* ExitButton.cpp */,
				FCE92DF3165C046B002FF92C /* ExitButton.h */,
			);
			name = Source;
			path = ../../../../Source;
			sourceTree = "<group>";
		};
		FC4738261656547A0011871B /* Resources */ = {
			isa = PBXGroup;
			children = (
				FCBEA699165FD2C00053F822 /* target.jpg */,
			);
			name = Resources;
			path = ../../../Resources;
			sourceTree = "<group>";
		};
		FC4CA247165BBEDB002E58C9 /* JDHUtility */ = {
			isa = PBXGroup;
			children = (
				FC73B1D4165F871E00AF9DCB /* stb_image.c */,
				FCC809CF165BE844007966A9 /* Colour3f.h */,
				FCC809D0165BE844007966A9 /* Colour3f.cpp */,
				FC4CA286165BCD1C002E58C9 /* GLPrimitives.h */,
				FC4CA287165BCD1C002E58C9 /* GLPrimitives.cpp */,
				FC4CA280165BC1A5002E58C9 /* Point2i.h */,
				FC4CA281165BC1A5002E58C9 /* Point2i.cpp */,
				FC4CA27D165BC0FA002E58C9 /* XPlatformMutex.h */,
				FC4CA27E165BC0FB002E58C9 /* XPlatformMutex.cpp */,
				FC4CA27A165BC023002E58C9 /* WindowingUtils.h */,
				FC4CA27B165BC023002E58C9 /* WindowingUtils.cpp */,
				FC4CA248165BBEDC002E58C9 /* CrossPlatformTime.cpp */,
				FC4CA249165BBEDC002E58C9 /* CrossPlatformTime.h */,
				FC4CA24A165BBEDC002E58C9 /* FileLocationUtility.cpp */,
				FC4CA24B165BBEDC002E58C9 /* FileLocationUtility.h */,
				FC4CA24E165BBEDC002E58C9 /* GLTexture.cpp */,
				FC4CA24F165BBEDC002E58C9 /* GLTexture.h */,
				FC4CA250165BBEDC002E58C9 /* GLVbo.cpp */,
				FC4CA251165BBEDC002E58C9 /* GLVbo.h */,
				FC4CA256165BBEDC002E58C9 /* Ndelete.h */,
				FC4CA257165BBEDC002E58C9 /* OpenGL.h */,
				FC4CA258165BBEDC002E58C9 /* Point2f.cpp */,
				FC4CA259165BBEDC002E58C9 /* Point2f.h */,
				FC4CA25A165BBEDC002E58C9 /* Point3f.cpp */,
				FC4CA25B165BBEDC002E58C9 /* Point3f.h */,
				FC4CA25C165BBEDC002E58C9 /* Vector2f.cpp */,
				FC4CA25D165BBEDC002E58C9 /* Vector2f.h */,
				FC73B1D7165F8B2300AF9DCB /* stb_image.h */,
			);
			path = JDHUtility;
			sourceTree = "<group>";
		};
		FC4CA26B165BBFB9002E58C9 /* MultiTouchEvents */ = {
			isa = PBXGroup;
			children = (
				FC4CA26C165BBFB9002E58C9 /* EventSource.cpp */,
				FC4CA26D165BBFB9002E58C9 /* EventSource.h */,
				FC4CA26E165BBFB9002E58C9 /* FastDelegate.h */,
				FC4CA26F165BBFB9002E58C9 /* FastDelegateBind.h */,
				FC4CA270165BBFB9002E58C9 /* FingerEventArgs.cpp */,
				FC4CA271165BBFB9002E58C9 /* FingerEventArgs.h */,
				FC4CA272165BBFB9002E58C9 /* MultiTouchEventHandler.cpp */,
				FC4CA273165BBFB9002E58C9 /* MultiTouchEventHandler.h */,
				FC4CA274165BBFB9002E58C9 /* MultiTouchEventManager.cpp */,
				FC4CA275165BBFB9002E58C9 /* MultiTouchEventManager.h */,
			);
			path = MultiTouchEvents;
			sourceTree = "<group>";
		};
		FCA5735516556A17002CF651 = {
			isa = PBXGroup;
			children = (
				FCD8FAA21656761600BB4434 /* libopencv_imgproc.2.4.3.dylib */,
				FCD8FAA01656760B00BB4434 /* libopencv_nonfree.2.4.3.dylib */,
				FCD8FA9E1656760200BB4434 /* libopencv_highgui.2.4.3.dylib */,
				FCD8FA9C165675EF00BB4434 /* libopencv_features2d.2.4.3.dylib */,
				FCD8FA9A165675E500BB4434 /* libopencv_core.2.4.3.dylib */,
				FCD8FA98165675D800BB4434 /* libopencv_calib3d.2.4.3.dylib */,
				FC5C4B461656748800085587 /* GLUT.framework */,
				FC5C4B441656747F00085587 /* OpenGL.framework */,
				FC4738261656547A0011871B /* Resources */,
				FCA5736316556A17002CF651 /* PaintingRegistration */,
				FCA5736116556A17002CF651 /* Products */,
			);
			sourceTree = "<group>";
		};
		FCA5736116556A17002CF651 /* Products */ = {
			isa = PBXGroup;
			children = (
				FCA5736016556A17002CF651 /* PaintingRegistration */,
			);
			name = Products;
			sourceTree = "<group>";
		};
		FCA5736316556A17002CF651 /* PaintingRegistration */ = {
			isa = PBXGroup;
			children = (
				FC47380616563E190011871B /* Source */,
				FCA5736416556A17002CF651 /* main.cpp */,
				FCA5736616556A17002CF651 /* PaintingRegistration.1 */,
			);
			path = PaintingRegistration;
			sourceTree = "<group>";
		};
/* End PBXGroup section */

/* Begin PBXNativeTarget section */
		FCA5735F16556A17002CF651 /* PaintingRegistration */ = {
			isa = PBXNativeTarget;
			buildConfigurationList = FCA5736A16556A17002CF651 /* Build configuration list for PBXNativeTarget "PaintingRegistration" */;
			buildPhases = (
				FCA5735C16556A17002CF651 /* Sources */,
				FCA5735D16556A17002CF651 /* Frameworks */,
				FCA5735E16556A17002CF651 /* CopyFiles */,
			);
			buildRules = (
			);
			dependencies = (
			);
			name = PaintingRegistration;
			productName = PaintingRegistration;
			productReference = FCA5736016556A17002CF651 /* PaintingRegistration */;
			productType = "com.apple.product-type.tool";
		};
/* End PBXNativeTarget section */

/* Begin PBXProject section */
		FCA5735716556A17002CF651 /* Project object */ = {
			isa = PBXProject;
			attributes = {
				LastUpgradeCheck = 0450;
				ORGANIZATIONNAME = "Jonathan Hook";
			};
			buildConfigurationList = FCA5735A16556A17002CF651 /* Build configuration list for PBXProject "PaintingRegistration" */;
			compatibilityVersion = "Xcode 3.2";
			developmentRegion = English;
			hasScannedForEncodings = 0;
			knownRegions = (
				en,
			);
			mainGroup = FCA5735516556A17002CF651;
			productRefGroup = FCA5736116556A17002CF651 /* Products */;
			projectDirPath = "";
			projectRoot = "";
			targets = (
				FCA5735F16556A17002CF651 /* PaintingRegistration */,
			);
		};
/* End PBXProject section */

/* Begin PBXSourcesBuildPhase section */
		FCA5735C16556A17002CF651 /* Sources */ = {
			isa = PBXSourcesBuildPhase;
			buildActionMask = 2147483647;
			files = (
				FCA5736516556A17002CF651 /* main.cpp in Sources */,
				FC4CA22E165BB52C002E58C9 /* App.cpp in Sources */,
				FC4CA22F165BB52C002E58C9 /* PaintingRenderer.cpp in Sources */,
				FC4CA230165BB52C002E58C9 /* PaintingTracker.cpp in Sources */,
				FC4CA25E165BBEDC002E58C9 /* CrossPlatformTime.cpp in Sources */,
				FC4CA25F165BBEDC002E58C9 /* FileLocationUtility.cpp in Sources */,
				FC4CA261165BBEDC002E58C9 /* GLTexture.cpp in Sources */,
				FC4CA262165BBEDC002E58C9 /* GLVbo.cpp in Sources */,
				FC4CA265165BBEDC002E58C9 /* Point2f.cpp in Sources */,
				FC4CA266165BBEDC002E58C9 /* Point3f.cpp in Sources */,
				FC4CA267165BBEDC002E58C9 /* Vector2f.cpp in Sources */,
				FC4CA26A165BBEEF002E58C9 /* UIElement.cpp in Sources */,
				FC4CA276165BBFB9002E58C9 /* EventSource.cpp in Sources */,
				FC4CA277165BBFB9002E58C9 /* FingerEventArgs.cpp in Sources */,
				FC4CA278165BBFB9002E58C9 /* MultiTouchEventHandler.cpp in Sources */,
				FC4CA279165BBFB9002E58C9 /* MultiTouchEventManager.cpp in Sources */,
				FC4CA27C165BC023002E58C9 /* WindowingUtils.cpp in Sources */,
				FC4CA27F165BC0FB002E58C9 /* XPlatformMutex.cpp in Sources */,
				FC4CA282165BC1A5002E58C9 /* Point2i.cpp in Sources */,
				FC4CA285165BCAB6002E58C9 /* Camera.cpp in Sources */,
				FC4CA288165BCD1D002E58C9 /* GLPrimitives.cpp in Sources */,
				FCC809CE165BE32A007966A9 /* CameraControls.cpp in Sources */,
				FCC809D1165BE844007966A9 /* Colour3f.cpp in Sources */,
				FCC809D4165BEDD6007966A9 /* Browser.cpp in Sources */,
				FCC809D7165BF1D0007966A9 /* BrowserControls.cpp in Sources */,
				FCC809DA165BF2C8007966A9 /* Slider.cpp in Sources */,
				FCE92DF4165C046B002FF92C /* ExitButton.cpp in Sources */,
				FC73B1D5165F871E00AF9DCB /* stb_image.c in Sources */,
			);
			runOnlyForDeploymentPostprocessing = 0;
		};
/* End PBXSourcesBuildPhase section */

/* Begin XCBuildConfiguration section */
		FCA5736816556A17002CF651 /* Debug */ = {
			isa = XCBuildConfiguration;
			buildSettings = {
				ALWAYS_SEARCH_USER_PATHS = NO;
				ARCHS = "$(ARCHS_STANDARD_64_BIT)";
				CLANG_CXX_LANGUAGE_STANDARD = "gnu++0x";
				CLANG_CXX_LIBRARY = "libc++";
				CLANG_WARN_EMPTY_BODY = YES;
				CLANG_WARN__DUPLICATE_METHOD_MATCH = YES;
				COPY_PHASE_STRIP = NO;
				GCC_C_LANGUAGE_STANDARD = gnu99;
				GCC_DYNAMIC_NO_PIC = NO;
				GCC_ENABLE_OBJC_EXCEPTIONS = YES;
				GCC_OPTIMIZATION_LEVEL = 0;
				GCC_PREPROCESSOR_DEFINITIONS = (
					"DEBUG=1",
					"$(inherited)",
				);
				GCC_SYMBOLS_PRIVATE_EXTERN = NO;
				GCC_WARN_64_TO_32_BIT_CONVERSION = YES;
				GCC_WARN_ABOUT_RETURN_TYPE = YES;
				GCC_WARN_UNINITIALIZED_AUTOS = YES;
				GCC_WARN_UNUSED_VARIABLE = YES;
				HEADER_SEARCH_PATHS = "/usr/local/include/**";
				LIBRARY_SEARCH_PATHS = "/usr/local/lib/**";
				MACOSX_DEPLOYMENT_TARGET = 10.8;
				ONLY_ACTIVE_ARCH = YES;
				SDKROOT = macosx;
			};
			name = Debug;
		};
		FCA5736916556A17002CF651 /* Release */ = {
			isa = XCBuildConfiguration;
			buildSettings = {
				ALWAYS_SEARCH_USER_PATHS = NO;
				ARCHS = "$(ARCHS_STANDARD_64_BIT)";
				CLANG_CXX_LANGUAGE_STANDARD = "gnu++0x";
				CLANG_CXX_LIBRARY = "libc++";
				CLANG_WARN_EMPTY_BODY = YES;
				CLANG_WARN__DUPLICATE_METHOD_MATCH = YES;
				COPY_PHASE_STRIP = YES;
				DEBUG_INFORMATION_FORMAT = "dwarf-with-dsym";
				GCC_C_LANGUAGE_STANDARD = gnu99;
				GCC_ENABLE_OBJC_EXCEPTIONS = YES;
				GCC_WARN_64_TO_32_BIT_CONVERSION = YES;
				GCC_WARN_ABOUT_RETURN_TYPE = YES;
				GCC_WARN_UNINITIALIZED_AUTOS = YES;
				GCC_WARN_UNUSED_VARIABLE = YES;
				HEADER_SEARCH_PATHS = "/usr/local/include/**";
				LIBRARY_SEARCH_PATHS = "/usr/local/lib/**";
				MACOSX_DEPLOYMENT_TARGET = 10.8;
				SDKROOT = macosx;
			};
			name = Release;
		};
		FCA5736B16556A17002CF651 /* Debug */ = {
			isa = XCBuildConfiguration;
			buildSettings = {
				CLANG_CXX_LIBRARY = "libstdc++";
				FRAMEWORK_SEARCH_PATHS = (
					"$(inherited)",
					"\"$(SRCROOT)/../../../Dependencies\"",
				);
				HEADER_SEARCH_PATHS = (
					"/usr/local/include/**",
					"../../../Source/**",
				);
				PRODUCT_NAME = "$(TARGET_NAME)";
			};
			name = Debug;
		};
		FCA5736C16556A17002CF651 /* Release */ = {
			isa = XCBuildConfiguration;
			buildSettings = {
				CLANG_CXX_LIBRARY = "libstdc++";
				FRAMEWORK_SEARCH_PATHS = (
					"$(inherited)",
					"\"$(SRCROOT)/../../../Dependencies\"",
				);
				HEADER_SEARCH_PATHS = (
					"/usr/local/include/**",
					"../../../Source/**",
				);
				PRODUCT_NAME = "$(TARGET_NAME)";
			};
			name = Release;
		};
/* End XCBuildConfiguration section */

/* Begin XCConfigurationList section */
		FCA5735A16556A17002CF651 /* Build configuration list for PBXProject "PaintingRegistration" */ = {
			isa = XCConfigurationList;
			buildConfigurations = (
				FCA5736816556A17002CF651 /* Debug */,
				FCA5736916556A17002CF651 /* Release */,
			);
			defaultConfigurationIsVisible = 0;
			defaultConfigurationName = Release;
		};
		FCA5736A16556A17002CF651 /* Build configuration list for PBXNativeTarget "PaintingRegistration" */ = {
			isa = XCConfigurationList;
			buildConfigurations = (
				FCA5736B16556A17002CF651 /* Debug */,
				FCA5736C16556A17002CF651 /* Release */,
			);
			defaultConfigurationIsVisible = 0;
			defaultConfigurationName = Release;
		};
/* End XCConfigurationList section */
	};
	rootObject = FCA5735716556A17002CF651 /* Project object */;
}
